
Microsoft Visual Studio Solution File, Format Version 12.00
# Visual Studio Version 17
VisualStudioVersion = 17.0.31903.59
MinimumVisualStudioVersion = 10.0.40219.1
Project("{FAE04EC0-301F-11D3-BF4B-00C04F79EFBC}") = "Njinx.AppHost", "src\AppHost\Njinx.AppHost.csproj", "{9E78C4E5-5DAE-4A86-B5FD-3ADD087A02C5}"
EndProject
Project("{2150E333-8FDC-42A3-9474-1A3956D46DE8}") = "ProblemSolvingService", "ProblemSolvingService", "{9EF632AC-C86F-6551-7620-C946B3CD55DE}"
EndProject
Project("{FAE04EC0-301F-11D3-BF4B-00C04F79EFBC}") = "Njinx.ProblemSolvingService.Api", "src\ProblemSolvingService\Api\Njinx.ProblemSolvingService.Api.csproj", "{DA538144-72E7-4D1D-B888-17678B055250}"
EndProject
Project("{FAE04EC0-301F-11D3-BF4B-00C04F79EFBC}") = "Njinx.ProblemSolvingService.Api.ServiceDefaults", "src\ProblemSolvingService\Api.ServiceDefaults\Njinx.ProblemSolvingService.Api.ServiceDefaults.csproj", "{470F8237-6F0A-4853-8C5B-88017CB921AF}"
EndProject
Project("{FAE04EC0-301F-11D3-BF4B-00C04F79EFBC}") = "Njinx.ProblemSolvingService.Application", "src\ProblemSolvingService\Application\Njinx.ProblemSolvingService.Application.csproj", "{AF24E087-B34A-480A-8854-0A7CDB10FDEE}"
EndProject
Project("{FAE04EC0-301F-11D3-BF4B-00C04F79EFBC}") = "Njinx.ProblemSolvingService.Infrastructure", "src\ProblemSolvingService\Infrastructure\Njinx.ProblemSolvingService.Infrastructure.csproj", "{B0A3F790-A190-4263-AB13-4CB7EB46F0D3}"
EndProject
Project("{FAE04EC0-301F-11D3-BF4B-00C04F79EFBC}") = "Njinx.ProblemSolvingService.Domain", "src\ProblemSolvingService\Domain\Njinx.ProblemSolvingService.Domain.csproj", "{08FD06FB-3BE2-4C07-B57D-A90394C1F9CA}"
EndProject
Project("{2150E333-8FDC-42A3-9474-1A3956D46DE8}") = "src", "src", "{1C4CA5C1-79E1-410C-9ADF-D7802D8E2E75}"
	ProjectSection(SolutionItems) = preProject
		src\cryptominisat\.git\config = src\cryptominisat\.git\config
		src\cryptominisat\.git\description = src\cryptominisat\.git\description
		src\cryptominisat\.git\HEAD = src\cryptominisat\.git\HEAD
		src\cryptominisat\.git\hooks\applypatch-msg.sample = src\cryptominisat\.git\hooks\applypatch-msg.sample
		src\cryptominisat\.git\hooks\commit-msg.sample = src\cryptominisat\.git\hooks\commit-msg.sample
		src\cryptominisat\.git\hooks\fsmonitor-watchman.sample = src\cryptominisat\.git\hooks\fsmonitor-watchman.sample
		src\cryptominisat\.git\hooks\post-update.sample = src\cryptominisat\.git\hooks\post-update.sample
		src\cryptominisat\.git\hooks\pre-applypatch.sample = src\cryptominisat\.git\hooks\pre-applypatch.sample
		src\cryptominisat\.git\hooks\pre-commit.sample = src\cryptominisat\.git\hooks\pre-commit.sample
		src\cryptominisat\.git\hooks\pre-merge-commit.sample = src\cryptominisat\.git\hooks\pre-merge-commit.sample
		src\cryptominisat\.git\hooks\pre-push.sample = src\cryptominisat\.git\hooks\pre-push.sample
		src\cryptominisat\.git\hooks\pre-rebase.sample = src\cryptominisat\.git\hooks\pre-rebase.sample
		src\cryptominisat\.git\hooks\pre-receive.sample = src\cryptominisat\.git\hooks\pre-receive.sample
		src\cryptominisat\.git\hooks\prepare-commit-msg.sample = src\cryptominisat\.git\hooks\prepare-commit-msg.sample
		src\cryptominisat\.git\hooks\push-to-checkout.sample = src\cryptominisat\.git\hooks\push-to-checkout.sample
		src\cryptominisat\.git\hooks\sendemail-validate.sample = src\cryptominisat\.git\hooks\sendemail-validate.sample
		src\cryptominisat\.git\hooks\update.sample = src\cryptominisat\.git\hooks\update.sample
		src\cryptominisat\.git\index = src\cryptominisat\.git\index
		src\cryptominisat\.git\info\exclude = src\cryptominisat\.git\info\exclude
		src\cryptominisat\.git\logs\HEAD = src\cryptominisat\.git\logs\HEAD
		src\cryptominisat\.git\logs\refs\heads\master = src\cryptominisat\.git\logs\refs\heads\master
		src\cryptominisat\.git\logs\refs\remotes\origin\HEAD = src\cryptominisat\.git\logs\refs\remotes\origin\HEAD
		src\cryptominisat\.git\objects\pack\pack-7d625bda09dc30c404e179c4ab8cd0de28a47db1.idx = src\cryptominisat\.git\objects\pack\pack-7d625bda09dc30c404e179c4ab8cd0de28a47db1.idx
		src\cryptominisat\.git\objects\pack\pack-7d625bda09dc30c404e179c4ab8cd0de28a47db1.pack = src\cryptominisat\.git\objects\pack\pack-7d625bda09dc30c404e179c4ab8cd0de28a47db1.pack
		src\cryptominisat\.git\objects\pack\pack-7d625bda09dc30c404e179c4ab8cd0de28a47db1.rev = src\cryptominisat\.git\objects\pack\pack-7d625bda09dc30c404e179c4ab8cd0de28a47db1.rev
		src\cryptominisat\.git\packed-refs = src\cryptominisat\.git\packed-refs
		src\cryptominisat\.git\refs\heads\master = src\cryptominisat\.git\refs\heads\master
		src\cryptominisat\.git\refs\remotes\origin\HEAD = src\cryptominisat\.git\refs\remotes\origin\HEAD
		src\cryptominisat\.github\workflows\build.yml = src\cryptominisat\.github\workflows\build.yml
		src\cryptominisat\.github\workflows\windows-static-binary.yaml = src\cryptominisat\.github\workflows\windows-static-binary.yaml
		src\cryptominisat\.gitignore = src\cryptominisat\.gitignore
		src\cryptominisat\.gitmodules = src\cryptominisat\.gitmodules
		src\cryptominisat\.vimsettings.vim = src\cryptominisat\.vimsettings.vim
		src\cryptominisat\AUTHORS = src\cryptominisat\AUTHORS
		src\cryptominisat\cmake\AddGTestSuite.cmake = src\cryptominisat\cmake\AddGTestSuite.cmake
		src\cryptominisat\cmake\AddSTPGTest.cmake = src\cryptominisat\cmake\AddSTPGTest.cmake
		src\cryptominisat\cmake\CheckFloatPrecision.cmake = src\cryptominisat\cmake\CheckFloatPrecision.cmake
		src\cryptominisat\cmake\cmake_uninstall.cmake.in = src\cryptominisat\cmake\cmake_uninstall.cmake.in
		src\cryptominisat\cmake\Findcargo.cmake = src\cryptominisat\cmake\Findcargo.cmake
		src\cryptominisat\cmake\FindGMP.cmake = src\cryptominisat\cmake\FindGMP.cmake
		src\cryptominisat\cmake\FindPerftools.cmake = src\cryptominisat\cmake\FindPerftools.cmake
		src\cryptominisat\cmake\FindPkgMacros.cmake = src\cryptominisat\cmake\FindPkgMacros.cmake
		src\cryptominisat\cmake\Findrustc.cmake = src\cryptominisat\cmake\Findrustc.cmake
		src\cryptominisat\cmake\Findrustdoc.cmake = src\cryptominisat\cmake\Findrustdoc.cmake
		src\cryptominisat\cmake\FindSQLITE3.cmake = src\cryptominisat\cmake\FindSQLITE3.cmake
		src\cryptominisat\cmake\FindTBB.cmake = src\cryptominisat\cmake\FindTBB.cmake
		src\cryptominisat\cmake\FindValgrind.cmake = src\cryptominisat\cmake\FindValgrind.cmake
		src\cryptominisat\cmake\GetGitRevisionDescription.cmake = src\cryptominisat\cmake\GetGitRevisionDescription.cmake
		src\cryptominisat\cmake\GetGitRevisionDescription.cmake.in = src\cryptominisat\cmake\GetGitRevisionDescription.cmake.in
		src\cryptominisat\cmake\Rust.cmake = src\cryptominisat\cmake\Rust.cmake
		src\cryptominisat\CMakeLists.txt = src\cryptominisat\CMakeLists.txt
		src\cryptominisat\cmsat_tablestructure.sql = src\cryptominisat\cmsat_tablestructure.sql
		src\cryptominisat\cryptominisat5Config.cmake.in = src\cryptominisat\cryptominisat5Config.cmake.in
		src\cryptominisat\dist\README.md = src\cryptominisat\dist\README.md
		src\cryptominisat\docs\HOWTO_WEB = src\cryptominisat\docs\HOWTO_WEB
		src\cryptominisat\docs\satcomp14-pdf\cmsv4.tex = src\cryptominisat\docs\satcomp14-pdf\cmsv4.tex
		src\cryptominisat\docs\satcomp14-pdf\ieee.cls = src\cryptominisat\docs\satcomp14-pdf\ieee.cls
		src\cryptominisat\docs\satcomp14-pdf\Makefile = src\cryptominisat\docs\satcomp14-pdf\Makefile
		src\cryptominisat\docs\satcomp14-pdf\sigproc.bib = src\cryptominisat\docs\satcomp14-pdf\sigproc.bib
		src\cryptominisat\docs\satcomp14-pdf\splncs03.bst = src\cryptominisat\docs\satcomp14-pdf\splncs03.bst
		src\cryptominisat\docs\satcomp15-pdf\cmsv4.kilepr = src\cryptominisat\docs\satcomp15-pdf\cmsv4.kilepr
		src\cryptominisat\docs\satcomp15-pdf\cmsv4.tex = src\cryptominisat\docs\satcomp15-pdf\cmsv4.tex
		src\cryptominisat\docs\satcomp15-pdf\ieee.cls = src\cryptominisat\docs\satcomp15-pdf\ieee.cls
		src\cryptominisat\docs\satcomp15-pdf\Makefile = src\cryptominisat\docs\satcomp15-pdf\Makefile
		src\cryptominisat\docs\satcomp15-pdf\sigproc.bib = src\cryptominisat\docs\satcomp15-pdf\sigproc.bib
		src\cryptominisat\docs\satcomp15-pdf\splncs03.bst = src\cryptominisat\docs\satcomp15-pdf\splncs03.bst
		src\cryptominisat\docs\satcomp16-pdf\cmsv5.kilepr = src\cryptominisat\docs\satcomp16-pdf\cmsv5.kilepr
		src\cryptominisat\docs\satcomp16-pdf\cmsv5.tex = src\cryptominisat\docs\satcomp16-pdf\cmsv5.tex
		src\cryptominisat\docs\satcomp16-pdf\ieee.cls = src\cryptominisat\docs\satcomp16-pdf\ieee.cls
		src\cryptominisat\docs\satcomp16-pdf\Makefile = src\cryptominisat\docs\satcomp16-pdf\Makefile
		src\cryptominisat\docs\satcomp16-pdf\sigproc.bib = src\cryptominisat\docs\satcomp16-pdf\sigproc.bib
		src\cryptominisat\docs\satcomp16-pdf\splncs03.bst = src\cryptominisat\docs\satcomp16-pdf\splncs03.bst
		src\cryptominisat\docs\satcomp18-pdf\cmsv5.kilepr = src\cryptominisat\docs\satcomp18-pdf\cmsv5.kilepr
		src\cryptominisat\docs\satcomp18-pdf\cmsv55.tex = src\cryptominisat\docs\satcomp18-pdf\cmsv55.tex
		src\cryptominisat\docs\satcomp18-pdf\ieee.cls = src\cryptominisat\docs\satcomp18-pdf\ieee.cls
		src\cryptominisat\docs\satcomp18-pdf\Makefile = src\cryptominisat\docs\satcomp18-pdf\Makefile
		src\cryptominisat\docs\satcomp18-pdf\sigproc.bib = src\cryptominisat\docs\satcomp18-pdf\sigproc.bib
		src\cryptominisat\docs\satcomp18-pdf\splncs03.bst = src\cryptominisat\docs\satcomp18-pdf\splncs03.bst
		src\cryptominisat\docs\satcomp20-pdf\ccanr\cms-ccanr.tex = src\cryptominisat\docs\satcomp20-pdf\ccanr\cms-ccanr.tex
		src\cryptominisat\docs\satcomp20-pdf\ccanr\ieee.cls = src\cryptominisat\docs\satcomp20-pdf\ccanr\ieee.cls
		src\cryptominisat\docs\satcomp20-pdf\ccanr\Makefile = src\cryptominisat\docs\satcomp20-pdf\ccanr\Makefile
		src\cryptominisat\docs\satcomp20-pdf\ccanr\sigproc.bib = src\cryptominisat\docs\satcomp20-pdf\ccanr\sigproc.bib
		src\cryptominisat\docs\satcomp20-pdf\ccanr\splncs03.bst = src\cryptominisat\docs\satcomp20-pdf\ccanr\splncs03.bst
		src\cryptominisat\docs\satcomp20-pdf\walksat\cms-walksat.tex = src\cryptominisat\docs\satcomp20-pdf\walksat\cms-walksat.tex
		src\cryptominisat\docs\satcomp20-pdf\walksat\ieee.cls = src\cryptominisat\docs\satcomp20-pdf\walksat\ieee.cls
		src\cryptominisat\docs\satcomp20-pdf\walksat\Makefile = src\cryptominisat\docs\satcomp20-pdf\walksat\Makefile
		src\cryptominisat\docs\satcomp20-pdf\walksat\sigproc.bib = src\cryptominisat\docs\satcomp20-pdf\walksat\sigproc.bib
		src\cryptominisat\docs\satcomp20-pdf\walksat\splncs03.bst = src\cryptominisat\docs\satcomp20-pdf\walksat\splncs03.bst
		src\cryptominisat\docs\satrace19-pdf\walksat\cmsv56-walksat.tex = src\cryptominisat\docs\satrace19-pdf\walksat\cmsv56-walksat.tex
		src\cryptominisat\docs\satrace19-pdf\walksat\ieee.cls = src\cryptominisat\docs\satrace19-pdf\walksat\ieee.cls
		src\cryptominisat\docs\satrace19-pdf\walksat\Makefile = src\cryptominisat\docs\satrace19-pdf\walksat\Makefile
		src\cryptominisat\docs\satrace19-pdf\walksat\sigproc.bib = src\cryptominisat\docs\satrace19-pdf\walksat\sigproc.bib
		src\cryptominisat\docs\satrace19-pdf\walksat\splncs03.bst = src\cryptominisat\docs\satrace19-pdf\walksat\splncs03.bst
		src\cryptominisat\docs\satrace19-pdf\yalsat\cmsv56-yalsat.tex = src\cryptominisat\docs\satrace19-pdf\yalsat\cmsv56-yalsat.tex
		src\cryptominisat\docs\satrace19-pdf\yalsat\ieee.cls = src\cryptominisat\docs\satrace19-pdf\yalsat\ieee.cls
		src\cryptominisat\docs\satrace19-pdf\yalsat\Makefile = src\cryptominisat\docs\satrace19-pdf\yalsat\Makefile
		src\cryptominisat\docs\satrace19-pdf\yalsat\sigproc.bib = src\cryptominisat\docs\satrace19-pdf\yalsat\sigproc.bib
		src\cryptominisat\docs\satrace19-pdf\yalsat\splncs03.bst = src\cryptominisat\docs\satrace19-pdf\yalsat\splncs03.bst
		src\cryptominisat\flake.lock = src\cryptominisat\flake.lock
		src\cryptominisat\flake.nix = src\cryptominisat\flake.nix
		src\cryptominisat\html\index.html = src\cryptominisat\html\index.html
		src\cryptominisat\LICENSE.txt = src\cryptominisat\LICENSE.txt
		src\cryptominisat\MANIFEST.in = src\cryptominisat\MANIFEST.in
		src\cryptominisat\manpage-extras = src\cryptominisat\manpage-extras
		src\cryptominisat\pyproject.toml = src\cryptominisat\pyproject.toml
		src\cryptominisat\python\LICENSE = src\cryptominisat\python\LICENSE
		src\cryptominisat\python\README.md = src\cryptominisat\python\README.md
		src\cryptominisat\python\src\GitSHA1.cpp = src\cryptominisat\python\src\GitSHA1.cpp
		src\cryptominisat\python\src\pycryptosat.cpp = src\cryptominisat\python\src\pycryptosat.cpp
		src\cryptominisat\python\tests\f400-r425-x000.cnf = src\cryptominisat\python\tests\f400-r425-x000.cnf
		src\cryptominisat\python\tests\test.cnf = src\cryptominisat\python\tests\test.cnf
		src\cryptominisat\python\tests\test_pycryptosat.py = src\cryptominisat\python\tests\test_pycryptosat.py
		src\cryptominisat\python\tests\__init__.py = src\cryptominisat\python\tests\__init__.py
		src\cryptominisat\README.markdown = src\cryptominisat\README.markdown
		src\cryptominisat\scripts\bnn_create_random.py = src\cryptominisat\scripts\bnn_create_random.py
		src\cryptominisat\scripts\build_static_Windows_binary.sh = src\cryptominisat\scripts\build_static_Windows_binary.sh
		src\cryptominisat\scripts\check_all_licenses.sh = src\cryptominisat\scripts\check_all_licenses.sh
		src\cryptominisat\scripts\check_lpn_solution.py = src\cryptominisat\scripts\check_lpn_solution.py
		src\cryptominisat\scripts\crystal\ballofcrystal.sh = src\cryptominisat\scripts\crystal\ballofcrystal.sh
		src\cryptominisat\scripts\crystal\best_features-b93210018231ab04d2.txt = src\cryptominisat\scripts\crystal\best_features-b93210018231ab04d2.txt
		src\cryptominisat\scripts\crystal\best_features-correlation2.txt = src\cryptominisat\scripts\crystal\best_features-correlation2.txt
		src\cryptominisat\scripts\crystal\best_features-correlaton.txt = src\cryptominisat\scripts\crystal\best_features-correlaton.txt
		src\cryptominisat\scripts\crystal\best_features-d6e51325f8046.txt = src\cryptominisat\scripts\crystal\best_features-d6e51325f8046.txt
		src\cryptominisat\scripts\crystal\best_features-kissat.txt = src\cryptominisat\scripts\crystal\best_features-kissat.txt
		src\cryptominisat\scripts\crystal\best_features-rdb0-only.txt = src\cryptominisat\scripts\crystal\best_features-rdb0-only.txt
		src\cryptominisat\scripts\crystal\ccg.py = src\cryptominisat\scripts\crystal\ccg.py
		src\cryptominisat\scripts\crystal\check_data_quality.py = src\cryptominisat\scripts\crystal\check_data_quality.py
		src\cryptominisat\scripts\crystal\cldata_gen_pandas.py = src\cryptominisat\scripts\crystal\cldata_gen_pandas.py
		src\cryptominisat\scripts\crystal\cldata_predict.py = src\cryptominisat\scripts\crystal\cldata_predict.py
		src\cryptominisat\scripts\crystal\clean_update_data.py = src\cryptominisat\scripts\crystal\clean_update_data.py
		src\cryptominisat\scripts\crystal\clustering.py = src\cryptominisat\scripts\crystal\clustering.py
		src\cryptominisat\scripts\crystal\concat_pandas.py = src\cryptominisat\scripts\crystal\concat_pandas.py
		src\cryptominisat\scripts\crystal\fill_used_clauses.py = src\cryptominisat\scripts\crystal\fill_used_clauses.py
		src\cryptominisat\scripts\crystal\fix_up_frat.py = src\cryptominisat\scripts\crystal\fix_up_frat.py
		src\cryptominisat\scripts\crystal\gen_best_feats.sh = src\cryptominisat\scripts\crystal\gen_best_feats.sh
		src\cryptominisat\scripts\crystal\get_msqe.py = src\cryptominisat\scripts\crystal\get_msqe.py
		src\cryptominisat\scripts\crystal\helper.py = src\cryptominisat\scripts\crystal\helper.py
		src\cryptominisat\scripts\crystal\learn-kissat.sh = src\cryptominisat\scripts\crystal\learn-kissat.sh
		src\cryptominisat\scripts\crystal\learn.sh = src\cryptominisat\scripts\crystal\learn.sh
		src\cryptominisat\scripts\crystal\ml_module.py = src\cryptominisat\scripts\crystal\ml_module.py
		src\cryptominisat\scripts\crystal\perc_sql_fixer.py = src\cryptominisat\scripts\crystal\perc_sql_fixer.py
		src\cryptominisat\scripts\crystal\process_all_dats.sh = src\cryptominisat\scripts\crystal\process_all_dats.sh
		src\cryptominisat\scripts\crystal\sample_data.py = src\cryptominisat\scripts\crystal\sample_data.py
		src\cryptominisat\scripts\crystal\setparams_ballofcrystal.sh = src\cryptominisat\scripts\crystal\setparams_ballofcrystal.sh
		src\cryptominisat\scripts\crystal\vardata_gen_pandas.py = src\cryptominisat\scripts\crystal\vardata_gen_pandas.py
		src\cryptominisat\scripts\crystal\vardata_predict.py = src\cryptominisat\scripts\crystal\vardata_predict.py
		src\cryptominisat\scripts\drat-proof.py = src\cryptominisat\scripts\drat-proof.py
		src\cryptominisat\scripts\final_check.py = src\cryptominisat\scripts\final_check.py
		src\cryptominisat\scripts\fuzz\clean_cnf.py = src\cryptominisat\scripts\fuzz\clean_cnf.py
		src\cryptominisat\scripts\fuzz\CMakeLists.txt = src\cryptominisat\scripts\fuzz\CMakeLists.txt
		src\cryptominisat\scripts\fuzz\debuglib.py = src\cryptominisat\scripts\fuzz\debuglib.py
		src\cryptominisat\scripts\fuzz\final_check.py = src\cryptominisat\scripts\fuzz\final_check.py
		src\cryptominisat\scripts\fuzz\fuzz_test.py = src\cryptominisat\scripts\fuzz\fuzz_test.py
		src\cryptominisat\scripts\fuzz\intersperse.py = src\cryptominisat\scripts\fuzz\intersperse.py
		src\cryptominisat\scripts\fuzz\shuffle.py = src\cryptominisat\scripts\fuzz\shuffle.py
		src\cryptominisat\scripts\fuzz\verifier.py = src\cryptominisat\scripts\fuzz\verifier.py
		src\cryptominisat\scripts\fuzz\verifier_test.py = src\cryptominisat\scripts\fuzz\verifier_test.py
		src\cryptominisat\scripts\fuzz\xor_to_cnf_class.py = src\cryptominisat\scripts\fuzz\xor_to_cnf_class.py
		src\cryptominisat\scripts\gen_xor_pb.py = src\cryptominisat\scripts\gen_xor_pb.py
		src\cryptominisat\scripts\lpn-gen.py = src\cryptominisat\scripts\lpn-gen.py
		src\cryptominisat\scripts\lpn-test.sh = src\cryptominisat\scripts\lpn-test.sh
		src\cryptominisat\scripts\output_parser\concat_files.py = src\cryptominisat\scripts\output_parser\concat_files.py
		src\cryptominisat\scripts\output_parser\convert_to_cactusplot.py = src\cryptominisat\scripts\output_parser\convert_to_cactusplot.py
		src\cryptominisat\scripts\output_parser\create_solvetimes.sh = src\cryptominisat\scripts\output_parser\create_solvetimes.sh
		src\cryptominisat\scripts\output_parser\helper.py = src\cryptominisat\scripts\output_parser\helper.py
		src\cryptominisat\scripts\output_parser\plotit = src\cryptominisat\scripts\output_parser\plotit
		src\cryptominisat\scripts\output_parser\solved_with_options.sh = src\cryptominisat\scripts\output_parser\solved_with_options.sh
		src\cryptominisat\scripts\output_parser\solvetimes_from_output.sh = src\cryptominisat\scripts\output_parser\solvetimes_from_output.sh
		src\cryptominisat\scripts\output_parser\solvetimes_from_output_cadical.sh = src\cryptominisat\scripts\output_parser\solvetimes_from_output_cadical.sh
		src\cryptominisat\scripts\output_parser\solvetimes_from_output_glucose.sh = src\cryptominisat\scripts\output_parser\solvetimes_from_output_glucose.sh
		src\cryptominisat\scripts\output_parser\solvetimes_from_output_lingeling.sh = src\cryptominisat\scripts\output_parser\solvetimes_from_output_lingeling.sh
		src\cryptominisat\scripts\output_parser\solvetimes_from_output_yalsat.sh = src\cryptominisat\scripts\output_parser\solvetimes_from_output_yalsat.sh
		src\cryptominisat\scripts\output_parser\sqlite3_checks.py = src\cryptominisat\scripts\output_parser\sqlite3_checks.py
		src\cryptominisat\scripts\output_parser\update_concat_sqlite_files.py = src\cryptominisat\scripts\output_parser\update_concat_sqlite_files.py
		src\cryptominisat\scripts\prove.sh = src\cryptominisat\scripts\prove.sh
		src\cryptominisat\scripts\reconf\count_plus_minus.sh = src\cryptominisat\scripts\reconf\count_plus_minus.sh
		src\cryptominisat\scripts\reconf\generate_reconf.py = src\cryptominisat\scripts\reconf\generate_reconf.py
		src\cryptominisat\scripts\reconf\reconf.py = src\cryptominisat\scripts\reconf\reconf.py
		src\cryptominisat\scripts\reconf\tocpp.py = src\cryptominisat\scripts\reconf\tocpp.py
		src\cryptominisat\scripts\speed-check\addclause.py = src\cryptominisat\scripts\speed-check\addclause.py
		src\cryptominisat\scripts\tbuddy_fuzzer.sh = src\cryptominisat\scripts\tbuddy_fuzzer.sh
		src\cryptominisat\scripts\translate_opb.py = src\cryptominisat\scripts\translate_opb.py
		src\cryptominisat\scripts\xxd-alike.py = src\cryptominisat\scripts\xxd-alike.py
		src\cryptominisat\setup.cfg = src\cryptominisat\setup.cfg
		src\cryptominisat\setup.py = src\cryptominisat\setup.py
		src\cryptominisat\src\.color_coded = src\cryptominisat\src\.color_coded
		src\cryptominisat\src\.kdev_include_paths = src\cryptominisat\src\.kdev_include_paths
		src\cryptominisat\src\alg.h = src\cryptominisat\src\alg.h
		src\cryptominisat\src\argparse.hpp = src\cryptominisat\src\argparse.hpp
		src\cryptominisat\src\avgcalc.h = src\cryptominisat\src\avgcalc.h
		src\cryptominisat\src\backbone.cpp = src\cryptominisat\src\backbone.cpp
		src\cryptominisat\src\bitarray.h = src\cryptominisat\src\bitarray.h
		src\cryptominisat\src\boundedqueue.h = src\cryptominisat\src\boundedqueue.h
		src\cryptominisat\src\cardfinder.cpp = src\cryptominisat\src\cardfinder.cpp
		src\cryptominisat\src\cardfinder.h = src\cryptominisat\src\cardfinder.h
		src\cryptominisat\src\ccnr.cpp = src\cryptominisat\src\ccnr.cpp
		src\cryptominisat\src\ccnr.h = src\cryptominisat\src\ccnr.h
		src\cryptominisat\src\ccnr_cms.cpp = src\cryptominisat\src\ccnr_cms.cpp
		src\cryptominisat\src\ccnr_cms.h = src\cryptominisat\src\ccnr_cms.h
		src\cryptominisat\src\ccnr_mersenne.h = src\cryptominisat\src\ccnr_mersenne.h
		src\cryptominisat\src\ccnr_oracle.cpp = src\cryptominisat\src\ccnr_oracle.cpp
		src\cryptominisat\src\ccnr_oracle.h = src\cryptominisat\src\ccnr_oracle.h
		src\cryptominisat\src\ccnr_oracle_pre.cpp = src\cryptominisat\src\ccnr_oracle_pre.cpp
		src\cryptominisat\src\ccnr_oracle_pre.h = src\cryptominisat\src\ccnr_oracle_pre.h
		src\cryptominisat\src\clabstraction.h = src\cryptominisat\src\clabstraction.h
		src\cryptominisat\src\clause.h = src\cryptominisat\src\clause.h
		src\cryptominisat\src\clauseallocator.cpp = src\cryptominisat\src\clauseallocator.cpp
		src\cryptominisat\src\clauseallocator.h = src\cryptominisat\src\clauseallocator.h
		src\cryptominisat\src\clausecleaner.cpp = src\cryptominisat\src\clausecleaner.cpp
		src\cryptominisat\src\clausecleaner.h = src\cryptominisat\src\clausecleaner.h
		src\cryptominisat\src\cloffset.h = src\cryptominisat\src\cloffset.h
		src\cryptominisat\src\cl_predictors_abs.cpp = src\cryptominisat\src\cl_predictors_abs.cpp
		src\cryptominisat\src\cl_predictors_abs.h = src\cryptominisat\src\cl_predictors_abs.h
		src\cryptominisat\src\cl_predictors_lgbm.cpp = src\cryptominisat\src\cl_predictors_lgbm.cpp
		src\cryptominisat\src\cl_predictors_lgbm.h = src\cryptominisat\src\cl_predictors_lgbm.h
		src\cryptominisat\src\cl_predictors_py.cpp = src\cryptominisat\src\cl_predictors_py.cpp
		src\cryptominisat\src\cl_predictors_py.h = src\cryptominisat\src\cl_predictors_py.h
		src\cryptominisat\src\cl_predictors_xgb.cpp = src\cryptominisat\src\cl_predictors_xgb.cpp
		src\cryptominisat\src\cl_predictors_xgb.h = src\cryptominisat\src\cl_predictors_xgb.h
		src\cryptominisat\src\CMakeLists.txt = src\cryptominisat\src\CMakeLists.txt
		src\cryptominisat\src\cms_breakid.cpp = src\cryptominisat\src\cms_breakid.cpp
		src\cryptominisat\src\cms_breakid.h = src\cryptominisat\src\cms_breakid.h
		src\cryptominisat\src\cms_windows_includes.h = src\cryptominisat\src\cms_windows_includes.h
		src\cryptominisat\src\cnf.cpp = src\cryptominisat\src\cnf.cpp
		src\cryptominisat\src\cnf.h = src\cryptominisat\src\cnf.h
		src\cryptominisat\src\community_finder.cpp = src\cryptominisat\src\community_finder.cpp
		src\cryptominisat\src\community_finder.h = src\cryptominisat\src\community_finder.h
		src\cryptominisat\src\completedetachreattacher.cpp = src\cryptominisat\src\completedetachreattacher.cpp
		src\cryptominisat\src\completedetachreattacher.h = src\cryptominisat\src\completedetachreattacher.h
		src\cryptominisat\src\constants.h = src\cryptominisat\src\constants.h
		src\cryptominisat\src\cryptominisat.cpp = src\cryptominisat\src\cryptominisat.cpp
		src\cryptominisat\src\cryptominisat.h = src\cryptominisat\src\cryptominisat.h
		src\cryptominisat\src\cryptominisat_c.cpp = src\cryptominisat\src\cryptominisat_c.cpp
		src\cryptominisat\src\cryptominisat_c.h = src\cryptominisat\src\cryptominisat_c.h
		src\cryptominisat\src\cset.h = src\cryptominisat\src\cset.h
		src\cryptominisat\src\datasync.cpp = src\cryptominisat\src\datasync.cpp
		src\cryptominisat\src\datasync.h = src\cryptominisat\src\datasync.h
		src\cryptominisat\src\datasyncserver.cpp = src\cryptominisat\src\datasyncserver.cpp
		src\cryptominisat\src\datasyncserver.h = src\cryptominisat\src\datasyncserver.h
		src\cryptominisat\src\dimacsparser.h = src\cryptominisat\src\dimacsparser.h
		src\cryptominisat\src\distillerbin.cpp = src\cryptominisat\src\distillerbin.cpp
		src\cryptominisat\src\distillerbin.h = src\cryptominisat\src\distillerbin.h
		src\cryptominisat\src\distillerlitrem.cpp = src\cryptominisat\src\distillerlitrem.cpp
		src\cryptominisat\src\distillerlitrem.h = src\cryptominisat\src\distillerlitrem.h
		src\cryptominisat\src\distillerlong.cpp = src\cryptominisat\src\distillerlong.cpp
		src\cryptominisat\src\distillerlong.h = src\cryptominisat\src\distillerlong.h
		src\cryptominisat\src\distillerlongwithimpl.cpp = src\cryptominisat\src\distillerlongwithimpl.cpp
		src\cryptominisat\src\distillerlongwithimpl.h = src\cryptominisat\src\distillerlongwithimpl.h
		src\cryptominisat\src\frat.h = src\cryptominisat\src\frat.h
		src\cryptominisat\src\fuzz.cpp = src\cryptominisat\src\fuzz.cpp
		src\cryptominisat\src\gatefinder.cpp = src\cryptominisat\src\gatefinder.cpp
		src\cryptominisat\src\gatefinder.h = src\cryptominisat\src\gatefinder.h
		src\cryptominisat\src\gaussian.cpp = src\cryptominisat\src\gaussian.cpp
		src\cryptominisat\src\gaussian.h = src\cryptominisat\src\gaussian.h
		src\cryptominisat\src\gausswatched.h = src\cryptominisat\src\gausswatched.h
		src\cryptominisat\src\get_clause_query.cpp = src\cryptominisat\src\get_clause_query.cpp
		src\cryptominisat\src\get_clause_query.h = src\cryptominisat\src\get_clause_query.h
		src\cryptominisat\src\GitSHA1.cpp.in = src\cryptominisat\src\GitSHA1.cpp.in
		src\cryptominisat\src\GitSHA1.h = src\cryptominisat\src\GitSHA1.h
		src\cryptominisat\src\gqueuedata.h = src\cryptominisat\src\gqueuedata.h
		src\cryptominisat\src\hasher.h = src\cryptominisat\src\hasher.h
		src\cryptominisat\src\heap.h = src\cryptominisat\src\heap.h
		src\cryptominisat\src\hyperengine.cpp = src\cryptominisat\src\hyperengine.cpp
		src\cryptominisat\src\hyperengine.h = src\cryptominisat\src\hyperengine.h
		src\cryptominisat\src\idrup.h = src\cryptominisat\src\idrup.h
		src\cryptominisat\src\intree.cpp = src\cryptominisat\src\intree.cpp
		src\cryptominisat\src\intree.h = src\cryptominisat\src\intree.h
		src\cryptominisat\src\ipasir.cpp = src\cryptominisat\src\ipasir.cpp
		src\cryptominisat\src\ipasir.h = src\cryptominisat\src\ipasir.h
		src\cryptominisat\src\lucky.cpp = src\cryptominisat\src\lucky.cpp
		src\cryptominisat\src\lucky.h = src\cryptominisat\src\lucky.h
		src\cryptominisat\src\main.cpp = src\cryptominisat\src\main.cpp
		src\cryptominisat\src\main.h = src\cryptominisat\src\main.h
		src\cryptominisat\src\main_common.cpp = src\cryptominisat\src\main_common.cpp
		src\cryptominisat\src\main_common.h = src\cryptominisat\src\main_common.h
		src\cryptominisat\src\main_emscripten.cpp = src\cryptominisat\src\main_emscripten.cpp
		src\cryptominisat\src\main_exe.cpp = src\cryptominisat\src\main_exe.cpp
		src\cryptominisat\src\main_mpi.cpp = src\cryptominisat\src\main_mpi.cpp
		src\cryptominisat\src\matrixfinder.cpp = src\cryptominisat\src\matrixfinder.cpp
		src\cryptominisat\src\matrixfinder.h = src\cryptominisat\src\matrixfinder.h
		src\cryptominisat\src\mpicosat\LICENSE = src\cryptominisat\src\mpicosat\LICENSE
		src\cryptominisat\src\mpicosat\mpicosat.c = src\cryptominisat\src\mpicosat\mpicosat.c
		src\cryptominisat\src\mpicosat\mpicosat.h = src\cryptominisat\src\mpicosat\mpicosat.h
		src\cryptominisat\src\mpicosat\mpico_config.h = src\cryptominisat\src\mpicosat\mpico_config.h
		src\cryptominisat\src\mpicosat\NEWS = src\cryptominisat\src\mpicosat\NEWS
		src\cryptominisat\src\mpicosat\README = src\cryptominisat\src\mpicosat\README
		src\cryptominisat\src\mpicosat\version.c = src\cryptominisat\src\mpicosat\version.c
		src\cryptominisat\src\mystack.h = src\cryptominisat\src\mystack.h
		src\cryptominisat\src\nomutex.h = src\cryptominisat\src\nomutex.h
		src\cryptominisat\src\occsimplifier.cpp = src\cryptominisat\src\occsimplifier.cpp
		src\cryptominisat\src\occsimplifier.h = src\cryptominisat\src\occsimplifier.h
		src\cryptominisat\src\oracle\oracle.cpp = src\cryptominisat\src\oracle\oracle.cpp
		src\cryptominisat\src\oracle\oracle.h = src\cryptominisat\src\oracle\oracle.h
		src\cryptominisat\src\oracle\utils.h = src\cryptominisat\src\oracle\utils.h
		src\cryptominisat\src\oracle_use.cpp = src\cryptominisat\src\oracle_use.cpp
		src\cryptominisat\src\packedmatrix.h = src\cryptominisat\src\packedmatrix.h
		src\cryptominisat\src\packedrow.cpp = src\cryptominisat\src\packedrow.cpp
		src\cryptominisat\src\packedrow.h = src\cryptominisat\src\packedrow.h
		src\cryptominisat\src\pre.js = src\cryptominisat\src\pre.js
		src\cryptominisat\src\predict_func_type.h = src\cryptominisat\src\predict_func_type.h
		src\cryptominisat\src\probe.cpp = src\cryptominisat\src\probe.cpp
		src\cryptominisat\src\propby.h = src\cryptominisat\src\propby.h
		src\cryptominisat\src\propbyforgraph.h = src\cryptominisat\src\propbyforgraph.h
		src\cryptominisat\src\propby_backup.h = src\cryptominisat\src\propby_backup.h
		src\cryptominisat\src\propengine.cpp = src\cryptominisat\src\propengine.cpp
		src\cryptominisat\src\propengine.h = src\cryptominisat\src\propengine.h
		src\cryptominisat\src\reducedb.cpp = src\cryptominisat\src\reducedb.cpp
		src\cryptominisat\src\reducedb.h = src\cryptominisat\src\reducedb.h
		src\cryptominisat\src\satzilla_features.cpp = src\cryptominisat\src\satzilla_features.cpp
		src\cryptominisat\src\satzilla_features.h = src\cryptominisat\src\satzilla_features.h
		src\cryptominisat\src\satzilla_features_calc.cpp = src\cryptominisat\src\satzilla_features_calc.cpp
		src\cryptominisat\src\satzilla_features_calc.h = src\cryptominisat\src\satzilla_features_calc.h
		src\cryptominisat\src\sccfinder.cpp = src\cryptominisat\src\sccfinder.cpp
		src\cryptominisat\src\sccfinder.h = src\cryptominisat\src\sccfinder.h
		src\cryptominisat\src\searcher.cpp = src\cryptominisat\src\searcher.cpp
		src\cryptominisat\src\searcher.h = src\cryptominisat\src\searcher.h
		src\cryptominisat\src\searchhist.h = src\cryptominisat\src\searchhist.h
		src\cryptominisat\src\searchstats.cpp = src\cryptominisat\src\searchstats.cpp
		src\cryptominisat\src\searchstats.h = src\cryptominisat\src\searchstats.h
		src\cryptominisat\src\shareddata.h = src\cryptominisat\src\shareddata.h
		src\cryptominisat\src\signalcode.cpp = src\cryptominisat\src\signalcode.cpp
		src\cryptominisat\src\signalcode.h = src\cryptominisat\src\signalcode.h
		src\cryptominisat\src\sls.cpp = src\cryptominisat\src\sls.cpp
		src\cryptominisat\src\sls.h = src\cryptominisat\src\sls.h
		src\cryptominisat\src\solutionextender.cpp = src\cryptominisat\src\solutionextender.cpp
		src\cryptominisat\src\solutionextender.h = src\cryptominisat\src\solutionextender.h
		src\cryptominisat\src\solver.cpp = src\cryptominisat\src\solver.cpp
		src\cryptominisat\src\solver.h = src\cryptominisat\src\solver.h
		src\cryptominisat\src\solverconf.cpp = src\cryptominisat\src\solverconf.cpp
		src\cryptominisat\src\solverconf.h = src\cryptominisat\src\solverconf.h
		src\cryptominisat\src\solvertypes.h = src\cryptominisat\src\solvertypes.h
		src\cryptominisat\src\solvertypesmini.h = src\cryptominisat\src\solvertypesmini.h
		src\cryptominisat\src\sqlitestats.cpp = src\cryptominisat\src\sqlitestats.cpp
		src\cryptominisat\src\sqlitestats.h = src\cryptominisat\src\sqlitestats.h
		src\cryptominisat\src\sqlstats.cpp = src\cryptominisat\src\sqlstats.cpp
		src\cryptominisat\src\sqlstats.h = src\cryptominisat\src\sqlstats.h
		src\cryptominisat\src\sql_tablestructure.h = src\cryptominisat\src\sql_tablestructure.h
		src\cryptominisat\src\streambuffer.h = src\cryptominisat\src\streambuffer.h
		src\cryptominisat\src\str_impl_w_impl.cpp = src\cryptominisat\src\str_impl_w_impl.cpp
		src\cryptominisat\src\str_impl_w_impl.h = src\cryptominisat\src\str_impl_w_impl.h
		src\cryptominisat\src\subsumeimplicit.cpp = src\cryptominisat\src\subsumeimplicit.cpp
		src\cryptominisat\src\subsumeimplicit.h = src\cryptominisat\src\subsumeimplicit.h
		src\cryptominisat\src\subsumestrengthen.cpp = src\cryptominisat\src\subsumestrengthen.cpp
		src\cryptominisat\src\subsumestrengthen.h = src\cryptominisat\src\subsumestrengthen.h
		src\cryptominisat\src\time_mem.h = src\cryptominisat\src\time_mem.h
		src\cryptominisat\src\touchlist.h = src\cryptominisat\src\touchlist.h
		src\cryptominisat\src\trim.h = src\cryptominisat\src\trim.h
		src\cryptominisat\src\vardata.h = src\cryptominisat\src\vardata.h
		src\cryptominisat\src\vardistgen.cpp = src\cryptominisat\src\vardistgen.cpp
		src\cryptominisat\src\vardistgen.h = src\cryptominisat\src\vardistgen.h
		src\cryptominisat\src\varreplacer.cpp = src\cryptominisat\src\varreplacer.cpp
		src\cryptominisat\src\varreplacer.h = src\cryptominisat\src\varreplacer.h
		src\cryptominisat\src\varupdatehelper.h = src\cryptominisat\src\varupdatehelper.h
		src\cryptominisat\src\Vec.h = src\cryptominisat\src\Vec.h
		src\cryptominisat\src\vmtf.h = src\cryptominisat\src\vmtf.h
		src\cryptominisat\src\watchalgos.h = src\cryptominisat\src\watchalgos.h
		src\cryptominisat\src\watcharray.h = src\cryptominisat\src\watcharray.h
		src\cryptominisat\src\watched.h = src\cryptominisat\src\watched.h
		src\cryptominisat\src\xor.h = src\cryptominisat\src\xor.h
		src\cryptominisat\src\xorfinder.cpp = src\cryptominisat\src\xorfinder.cpp
		src\cryptominisat\src\xorfinder.h = src\cryptominisat\src\xorfinder.h
		src\cryptominisat\tests\assump_test.cpp = src\cryptominisat\tests\assump_test.cpp
		src\cryptominisat\tests\basic_test.cpp = src\cryptominisat\tests\basic_test.cpp
		src\cryptominisat\tests\cardfinder_test.cpp = src\cryptominisat\tests\cardfinder_test.cpp
		src\cryptominisat\tests\clause_alloc_test.cpp = src\cryptominisat\tests\clause_alloc_test.cpp
		src\cryptominisat\tests\clause_cleaner_test.cpp = src\cryptominisat\tests\clause_cleaner_test.cpp
		src\cryptominisat\tests\clause_test.cpp = src\cryptominisat\tests\clause_test.cpp
		src\cryptominisat\tests\CMakeLists.txt = src\cryptominisat\tests\CMakeLists.txt
		src\cryptominisat\tests\cnf-files\CMakeLists.txt = src\cryptominisat\tests\cnf-files\CMakeLists.txt
		src\cryptominisat\tests\cnf-files\indep-1.cnf = src\cryptominisat\tests\cnf-files\indep-1.cnf
		src\cryptominisat\tests\cnf-files\indep-2.cnf = src\cryptominisat\tests\cnf-files\indep-2.cnf
		src\cryptominisat\tests\cnf-files\indep-3.cnf = src\cryptominisat\tests\cnf-files\indep-3.cnf
		src\cryptominisat\tests\cnf-files\indep_vars.cnf = src\cryptominisat\tests\cnf-files\indep_vars.cnf
		src\cryptominisat\tests\cnf-files\indep_vars_2.cnf = src\cryptominisat\tests\cnf-files\indep_vars_2.cnf
		src\cryptominisat\tests\cnf-files\lit.cfg = src\cryptominisat\tests\cnf-files\lit.cfg
		src\cryptominisat\tests\cnf-files\lit.site.cfg.in = src\cryptominisat\tests\cnf-files\lit.site.cfg.in
		src\cryptominisat\tests\cnf-files\simptest.cnf = src\cryptominisat\tests\cnf-files\simptest.cnf
		src\cryptominisat\tests\cnf-files\simptest2.cnf = src\cryptominisat\tests\cnf-files\simptest2.cnf
		src\cryptominisat\tests\cnf-files\verbosity.cnf = src\cryptominisat\tests\cnf-files\verbosity.cnf
		src\cryptominisat\tests\cnf-files\xor.cnf = src\cryptominisat\tests\cnf-files\xor.cnf
		src\cryptominisat\tests\cnf-files\xor_longer.cnf = src\cryptominisat\tests\cnf-files\xor_longer.cnf
		src\cryptominisat\tests\c_test.c = src\cryptominisat\tests\c_test.c
		src\cryptominisat\tests\definability_test.cpp = src\cryptominisat\tests\definability_test.cpp
		src\cryptominisat\tests\distiller_test.cpp = src\cryptominisat\tests\distiller_test.cpp
		src\cryptominisat\tests\distill_klee.cpp = src\cryptominisat\tests\distill_klee.cpp
		src\cryptominisat\tests\distill_long_with_implicit_test.cpp = src\cryptominisat\tests\distill_long_with_implicit_test.cpp
		src\cryptominisat\tests\gatefinder_test.cpp = src\cryptominisat\tests\gatefinder_test.cpp
		src\cryptominisat\tests\gate_test.cpp = src\cryptominisat\tests\gate_test.cpp
		src\cryptominisat\tests\gauss_test.cpp = src\cryptominisat\tests\gauss_test.cpp
		src\cryptominisat\tests\heap_test.cpp = src\cryptominisat\tests\heap_test.cpp
		src\cryptominisat\tests\implied_by_test.cpp = src\cryptominisat\tests\implied_by_test.cpp
		src\cryptominisat\tests\intree_test.cpp = src\cryptominisat\tests\intree_test.cpp
		src\cryptominisat\tests\ipasir_example.c = src\cryptominisat\tests\ipasir_example.c
		src\cryptominisat\tests\ipasir_test.cpp = src\cryptominisat\tests\ipasir_test.cpp
		src\cryptominisat\tests\lucky_test.cpp = src\cryptominisat\tests\lucky_test.cpp
		src\cryptominisat\tests\matrixfinder_test.cpp = src\cryptominisat\tests\matrixfinder_test.cpp
		src\cryptominisat\tests\ml_perf_test.cpp = src\cryptominisat\tests\ml_perf_test.cpp
		src\cryptominisat\tests\multisol_test.cpp = src\cryptominisat\tests\multisol_test.cpp
		src\cryptominisat\tests\readme_test.cpp = src\cryptominisat\tests\readme_test.cpp
		src\cryptominisat\tests\scc_test.cpp = src\cryptominisat\tests\scc_test.cpp
		src\cryptominisat\tests\searcher_test.cpp = src\cryptominisat\tests\searcher_test.cpp
		src\cryptominisat\tests\simp-checks\check_bve.py = src\cryptominisat\tests\simp-checks\check_bve.py
		src\cryptominisat\tests\simp-checks\CMakeLists.txt = src\cryptominisat\tests\simp-checks\CMakeLists.txt
		src\cryptominisat\tests\solver_test.cpp = src\cryptominisat\tests\solver_test.cpp
		src\cryptominisat\tests\stp_test.cpp = src\cryptominisat\tests\stp_test.cpp
		src\cryptominisat\tests\subsume_impl_test.cpp = src\cryptominisat\tests\subsume_impl_test.cpp
		src\cryptominisat\tests\ternary_resolve_test.cpp = src\cryptominisat\tests\ternary_resolve_test.cpp
		src\cryptominisat\tests\test_helper.h = src\cryptominisat\tests\test_helper.h
		src\cryptominisat\tests\vrepl_test.cpp = src\cryptominisat\tests\vrepl_test.cpp
		src\cryptominisat\tests\xorfinder_test.cpp = src\cryptominisat\tests\xorfinder_test.cpp
		src\cryptominisat\utils\config\crypt4-params.pcs = src\cryptominisat\utils\config\crypt4-params.pcs
		src\cryptominisat\utils\minimal_cms\CMakeLists.txt = src\cryptominisat\utils\minimal_cms\CMakeLists.txt
		src\cryptominisat\utils\minimal_cms\minimal_cms.cpp = src\cryptominisat\utils\minimal_cms\minimal_cms.cpp
	EndProjectSection
EndProject
Project("{2150E333-8FDC-42A3-9474-1A3956D46DE8}") = "tests", "tests", "{0AB3BF05-4346-4AA6-1389-037BE0695223}"
EndProject
Project("{2150E333-8FDC-42A3-9474-1A3956D46DE8}") = "ProblemSolvingService", "ProblemSolvingService", "{2C8DBD0F-46D9-D3BE-1ED6-94D74079D05D}"
EndProject
Project("{FAE04EC0-301F-11D3-BF4B-00C04F79EFBC}") = "Njinx.ProblemSolvingService.Api.Tests", "tests\ProblemSolvingService\Api.Tests\Njinx.ProblemSolvingService.Api.Tests.csproj", "{CD334591-94F4-4C4F-826C-C45CC638196E}"
EndProject
Project("{FAE04EC0-301F-11D3-BF4B-00C04F79EFBC}") = "Njinx.ProblemSolvingService.Application.Tests", "tests\ProblemSolvingService\Application.Tests\Njinx.ProblemSolvingService.Application.Tests.csproj", "{489549B0-D52D-4CE6-B8AA-FBB65BD586EC}"
EndProject
Project("{FAE04EC0-301F-11D3-BF4B-00C04F79EFBC}") = "Njinx.ProblemSolvingService.Domain.Tests", "tests\ProblemSolvingService\Domain.Tests\Njinx.ProblemSolvingService.Domain.Tests.csproj", "{0EF03AC8-E6B3-490A-9C06-139163A9C8B0}"
EndProject
Project("{FAE04EC0-301F-11D3-BF4B-00C04F79EFBC}") = "Njinx.ProblemSolvingService.Infrastructure.Tests", "tests\ProblemSolvingService\Infrastructure.Tests\Njinx.ProblemSolvingService.Infrastructure.Tests.csproj", "{98E7D69E-73D2-4E6F-802F-0F55027D8617}"
EndProject
Global
	GlobalSection(SolutionConfigurationPlatforms) = preSolution
		Debug|Any CPU = Debug|Any CPU
		Debug|x64 = Debug|x64
		Debug|x86 = Debug|x86
		Release|Any CPU = Release|Any CPU
		Release|x64 = Release|x64
		Release|x86 = Release|x86
	EndGlobalSection
	GlobalSection(ProjectConfigurationPlatforms) = postSolution
		{9E78C4E5-5DAE-4A86-B5FD-3ADD087A02C5}.Debug|Any CPU.ActiveCfg = Debug|Any CPU
		{9E78C4E5-5DAE-4A86-B5FD-3ADD087A02C5}.Debug|Any CPU.Build.0 = Debug|Any CPU
		{9E78C4E5-5DAE-4A86-B5FD-3ADD087A02C5}.Debug|x64.ActiveCfg = Debug|Any CPU
		{9E78C4E5-5DAE-4A86-B5FD-3ADD087A02C5}.Debug|x64.Build.0 = Debug|Any CPU
		{9E78C4E5-5DAE-4A86-B5FD-3ADD087A02C5}.Debug|x86.ActiveCfg = Debug|Any CPU
		{9E78C4E5-5DAE-4A86-B5FD-3ADD087A02C5}.Debug|x86.Build.0 = Debug|Any CPU
		{9E78C4E5-5DAE-4A86-B5FD-3ADD087A02C5}.Release|Any CPU.ActiveCfg = Release|Any CPU
		{9E78C4E5-5DAE-4A86-B5FD-3ADD087A02C5}.Release|Any CPU.Build.0 = Release|Any CPU
		{9E78C4E5-5DAE-4A86-B5FD-3ADD087A02C5}.Release|x64.ActiveCfg = Release|Any CPU
		{9E78C4E5-5DAE-4A86-B5FD-3ADD087A02C5}.Release|x64.Build.0 = Release|Any CPU
		{9E78C4E5-5DAE-4A86-B5FD-3ADD087A02C5}.Release|x86.ActiveCfg = Release|Any CPU
		{9E78C4E5-5DAE-4A86-B5FD-3ADD087A02C5}.Release|x86.Build.0 = Release|Any CPU
		{DA538144-72E7-4D1D-B888-17678B055250}.Debug|Any CPU.ActiveCfg = Debug|Any CPU
		{DA538144-72E7-4D1D-B888-17678B055250}.Debug|Any CPU.Build.0 = Debug|Any CPU
		{DA538144-72E7-4D1D-B888-17678B055250}.Debug|x64.ActiveCfg = Debug|Any CPU
		{DA538144-72E7-4D1D-B888-17678B055250}.Debug|x64.Build.0 = Debug|Any CPU
		{DA538144-72E7-4D1D-B888-17678B055250}.Debug|x86.ActiveCfg = Debug|Any CPU
		{DA538144-72E7-4D1D-B888-17678B055250}.Debug|x86.Build.0 = Debug|Any CPU
		{DA538144-72E7-4D1D-B888-17678B055250}.Release|Any CPU.ActiveCfg = Release|Any CPU
		{DA538144-72E7-4D1D-B888-17678B055250}.Release|Any CPU.Build.0 = Release|Any CPU
		{DA538144-72E7-4D1D-B888-17678B055250}.Release|x64.ActiveCfg = Release|Any CPU
		{DA538144-72E7-4D1D-B888-17678B055250}.Release|x64.Build.0 = Release|Any CPU
		{DA538144-72E7-4D1D-B888-17678B055250}.Release|x86.ActiveCfg = Release|Any CPU
		{DA538144-72E7-4D1D-B888-17678B055250}.Release|x86.Build.0 = Release|Any CPU
		{470F8237-6F0A-4853-8C5B-88017CB921AF}.Debug|Any CPU.ActiveCfg = Debug|Any CPU
		{470F8237-6F0A-4853-8C5B-88017CB921AF}.Debug|Any CPU.Build.0 = Debug|Any CPU
		{470F8237-6F0A-4853-8C5B-88017CB921AF}.Debug|x64.ActiveCfg = Debug|Any CPU
		{470F8237-6F0A-4853-8C5B-88017CB921AF}.Debug|x64.Build.0 = Debug|Any CPU
		{470F8237-6F0A-4853-8C5B-88017CB921AF}.Debug|x86.ActiveCfg = Debug|Any CPU
		{470F8237-6F0A-4853-8C5B-88017CB921AF}.Debug|x86.Build.0 = Debug|Any CPU
		{470F8237-6F0A-4853-8C5B-88017CB921AF}.Release|Any CPU.ActiveCfg = Release|Any CPU
		{470F8237-6F0A-4853-8C5B-88017CB921AF}.Release|Any CPU.Build.0 = Release|Any CPU
		{470F8237-6F0A-4853-8C5B-88017CB921AF}.Release|x64.ActiveCfg = Release|Any CPU
		{470F8237-6F0A-4853-8C5B-88017CB921AF}.Release|x64.Build.0 = Release|Any CPU
		{470F8237-6F0A-4853-8C5B-88017CB921AF}.Release|x86.ActiveCfg = Release|Any CPU
		{470F8237-6F0A-4853-8C5B-88017CB921AF}.Release|x86.Build.0 = Release|Any CPU
		{AF24E087-B34A-480A-8854-0A7CDB10FDEE}.Debug|Any CPU.ActiveCfg = Debug|Any CPU
		{AF24E087-B34A-480A-8854-0A7CDB10FDEE}.Debug|Any CPU.Build.0 = Debug|Any CPU
		{AF24E087-B34A-480A-8854-0A7CDB10FDEE}.Debug|x64.ActiveCfg = Debug|Any CPU
		{AF24E087-B34A-480A-8854-0A7CDB10FDEE}.Debug|x64.Build.0 = Debug|Any CPU
		{AF24E087-B34A-480A-8854-0A7CDB10FDEE}.Debug|x86.ActiveCfg = Debug|Any CPU
		{AF24E087-B34A-480A-8854-0A7CDB10FDEE}.Debug|x86.Build.0 = Debug|Any CPU
		{AF24E087-B34A-480A-8854-0A7CDB10FDEE}.Release|Any CPU.ActiveCfg = Release|Any CPU
		{AF24E087-B34A-480A-8854-0A7CDB10FDEE}.Release|Any CPU.Build.0 = Release|Any CPU
		{AF24E087-B34A-480A-8854-0A7CDB10FDEE}.Release|x64.ActiveCfg = Release|Any CPU
		{AF24E087-B34A-480A-8854-0A7CDB10FDEE}.Release|x64.Build.0 = Release|Any CPU
		{AF24E087-B34A-480A-8854-0A7CDB10FDEE}.Release|x86.ActiveCfg = Release|Any CPU
		{AF24E087-B34A-480A-8854-0A7CDB10FDEE}.Release|x86.Build.0 = Release|Any CPU
		{B0A3F790-A190-4263-AB13-4CB7EB46F0D3}.Debug|Any CPU.ActiveCfg = Debug|Any CPU
		{B0A3F790-A190-4263-AB13-4CB7EB46F0D3}.Debug|Any CPU.Build.0 = Debug|Any CPU
		{B0A3F790-A190-4263-AB13-4CB7EB46F0D3}.Debug|x64.ActiveCfg = Debug|Any CPU
		{B0A3F790-A190-4263-AB13-4CB7EB46F0D3}.Debug|x64.Build.0 = Debug|Any CPU
		{B0A3F790-A190-4263-AB13-4CB7EB46F0D3}.Debug|x86.ActiveCfg = Debug|Any CPU
		{B0A3F790-A190-4263-AB13-4CB7EB46F0D3}.Debug|x86.Build.0 = Debug|Any CPU
		{B0A3F790-A190-4263-AB13-4CB7EB46F0D3}.Release|Any CPU.ActiveCfg = Release|Any CPU
		{B0A3F790-A190-4263-AB13-4CB7EB46F0D3}.Release|Any CPU.Build.0 = Release|Any CPU
		{B0A3F790-A190-4263-AB13-4CB7EB46F0D3}.Release|x64.ActiveCfg = Release|Any CPU
		{B0A3F790-A190-4263-AB13-4CB7EB46F0D3}.Release|x64.Build.0 = Release|Any CPU
		{B0A3F790-A190-4263-AB13-4CB7EB46F0D3}.Release|x86.ActiveCfg = Release|Any CPU
		{B0A3F790-A190-4263-AB13-4CB7EB46F0D3}.Release|x86.Build.0 = Release|Any CPU
		{08FD06FB-3BE2-4C07-B57D-A90394C1F9CA}.Debug|Any CPU.ActiveCfg = Debug|Any CPU
		{08FD06FB-3BE2-4C07-B57D-A90394C1F9CA}.Debug|Any CPU.Build.0 = Debug|Any CPU
		{08FD06FB-3BE2-4C07-B57D-A90394C1F9CA}.Debug|x64.ActiveCfg = Debug|Any CPU
		{08FD06FB-3BE2-4C07-B57D-A90394C1F9CA}.Debug|x64.Build.0 = Debug|Any CPU
		{08FD06FB-3BE2-4C07-B57D-A90394C1F9CA}.Debug|x86.ActiveCfg = Debug|Any CPU
		{08FD06FB-3BE2-4C07-B57D-A90394C1F9CA}.Debug|x86.Build.0 = Debug|Any CPU
		{08FD06FB-3BE2-4C07-B57D-A90394C1F9CA}.Release|Any CPU.ActiveCfg = Release|Any CPU
		{08FD06FB-3BE2-4C07-B57D-A90394C1F9CA}.Release|Any CPU.Build.0 = Release|Any CPU
		{08FD06FB-3BE2-4C07-B57D-A90394C1F9CA}.Release|x64.ActiveCfg = Release|Any CPU
		{08FD06FB-3BE2-4C07-B57D-A90394C1F9CA}.Release|x64.Build.0 = Release|Any CPU
		{08FD06FB-3BE2-4C07-B57D-A90394C1F9CA}.Release|x86.ActiveCfg = Release|Any CPU
		{08FD06FB-3BE2-4C07-B57D-A90394C1F9CA}.Release|x86.Build.0 = Release|Any CPU
		{CD334591-94F4-4C4F-826C-C45CC638196E}.Debug|Any CPU.ActiveCfg = Debug|Any CPU
		{CD334591-94F4-4C4F-826C-C45CC638196E}.Debug|Any CPU.Build.0 = Debug|Any CPU
		{CD334591-94F4-4C4F-826C-C45CC638196E}.Debug|x64.ActiveCfg = Debug|Any CPU
		{CD334591-94F4-4C4F-826C-C45CC638196E}.Debug|x64.Build.0 = Debug|Any CPU
		{CD334591-94F4-4C4F-826C-C45CC638196E}.Debug|x86.ActiveCfg = Debug|Any CPU
		{CD334591-94F4-4C4F-826C-C45CC638196E}.Debug|x86.Build.0 = Debug|Any CPU
		{CD334591-94F4-4C4F-826C-C45CC638196E}.Release|Any CPU.ActiveCfg = Release|Any CPU
		{CD334591-94F4-4C4F-826C-C45CC638196E}.Release|Any CPU.Build.0 = Release|Any CPU
		{CD334591-94F4-4C4F-826C-C45CC638196E}.Release|x64.ActiveCfg = Release|Any CPU
		{CD334591-94F4-4C4F-826C-C45CC638196E}.Release|x64.Build.0 = Release|Any CPU
		{CD334591-94F4-4C4F-826C-C45CC638196E}.Release|x86.ActiveCfg = Release|Any CPU
		{CD334591-94F4-4C4F-826C-C45CC638196E}.Release|x86.Build.0 = Release|Any CPU
		{489549B0-D52D-4CE6-B8AA-FBB65BD586EC}.Debug|Any CPU.ActiveCfg = Debug|Any CPU
		{489549B0-D52D-4CE6-B8AA-FBB65BD586EC}.Debug|Any CPU.Build.0 = Debug|Any CPU
		{489549B0-D52D-4CE6-B8AA-FBB65BD586EC}.Debug|x64.ActiveCfg = Debug|Any CPU
		{489549B0-D52D-4CE6-B8AA-FBB65BD586EC}.Debug|x64.Build.0 = Debug|Any CPU
		{489549B0-D52D-4CE6-B8AA-FBB65BD586EC}.Debug|x86.ActiveCfg = Debug|Any CPU
		{489549B0-D52D-4CE6-B8AA-FBB65BD586EC}.Debug|x86.Build.0 = Debug|Any CPU
		{489549B0-D52D-4CE6-B8AA-FBB65BD586EC}.Release|Any CPU.ActiveCfg = Release|Any CPU
		{489549B0-D52D-4CE6-B8AA-FBB65BD586EC}.Release|Any CPU.Build.0 = Release|Any CPU
		{489549B0-D52D-4CE6-B8AA-FBB65BD586EC}.Release|x64.ActiveCfg = Release|Any CPU
		{489549B0-D52D-4CE6-B8AA-FBB65BD586EC}.Release|x64.Build.0 = Release|Any CPU
		{489549B0-D52D-4CE6-B8AA-FBB65BD586EC}.Release|x86.ActiveCfg = Release|Any CPU
		{489549B0-D52D-4CE6-B8AA-FBB65BD586EC}.Release|x86.Build.0 = Release|Any CPU
		{0EF03AC8-E6B3-490A-9C06-139163A9C8B0}.Debug|Any CPU.ActiveCfg = Debug|Any CPU
		{0EF03AC8-E6B3-490A-9C06-139163A9C8B0}.Debug|Any CPU.Build.0 = Debug|Any CPU
		{0EF03AC8-E6B3-490A-9C06-139163A9C8B0}.Debug|x64.ActiveCfg = Debug|Any CPU
		{0EF03AC8-E6B3-490A-9C06-139163A9C8B0}.Debug|x64.Build.0 = Debug|Any CPU
		{0EF03AC8-E6B3-490A-9C06-139163A9C8B0}.Debug|x86.ActiveCfg = Debug|Any CPU
		{0EF03AC8-E6B3-490A-9C06-139163A9C8B0}.Debug|x86.Build.0 = Debug|Any CPU
		{0EF03AC8-E6B3-490A-9C06-139163A9C8B0}.Release|Any CPU.ActiveCfg = Release|Any CPU
		{0EF03AC8-E6B3-490A-9C06-139163A9C8B0}.Release|Any CPU.Build.0 = Release|Any CPU
		{0EF03AC8-E6B3-490A-9C06-139163A9C8B0}.Release|x64.ActiveCfg = Release|Any CPU
		{0EF03AC8-E6B3-490A-9C06-139163A9C8B0}.Release|x64.Build.0 = Release|Any CPU
		{0EF03AC8-E6B3-490A-9C06-139163A9C8B0}.Release|x86.ActiveCfg = Release|Any CPU
		{0EF03AC8-E6B3-490A-9C06-139163A9C8B0}.Release|x86.Build.0 = Release|Any CPU
		{98E7D69E-73D2-4E6F-802F-0F55027D8617}.Debug|Any CPU.ActiveCfg = Debug|Any CPU
		{98E7D69E-73D2-4E6F-802F-0F55027D8617}.Debug|Any CPU.Build.0 = Debug|Any CPU
		{98E7D69E-73D2-4E6F-802F-0F55027D8617}.Debug|x64.ActiveCfg = Debug|Any CPU
		{98E7D69E-73D2-4E6F-802F-0F55027D8617}.Debug|x64.Build.0 = Debug|Any CPU
		{98E7D69E-73D2-4E6F-802F-0F55027D8617}.Debug|x86.ActiveCfg = Debug|Any CPU
		{98E7D69E-73D2-4E6F-802F-0F55027D8617}.Debug|x86.Build.0 = Debug|Any CPU
		{98E7D69E-73D2-4E6F-802F-0F55027D8617}.Release|Any CPU.ActiveCfg = Release|Any CPU
		{98E7D69E-73D2-4E6F-802F-0F55027D8617}.Release|Any CPU.Build.0 = Release|Any CPU
		{98E7D69E-73D2-4E6F-802F-0F55027D8617}.Release|x64.ActiveCfg = Release|Any CPU
		{98E7D69E-73D2-4E6F-802F-0F55027D8617}.Release|x64.Build.0 = Release|Any CPU
		{98E7D69E-73D2-4E6F-802F-0F55027D8617}.Release|x86.ActiveCfg = Release|Any CPU
		{98E7D69E-73D2-4E6F-802F-0F55027D8617}.Release|x86.Build.0 = Release|Any CPU
	EndGlobalSection
	GlobalSection(SolutionProperties) = preSolution
		HideSolutionNode = FALSE
	EndGlobalSection
	GlobalSection(NestedProjects) = preSolution
		{9E78C4E5-5DAE-4A86-B5FD-3ADD087A02C5} = {1C4CA5C1-79E1-410C-9ADF-D7802D8E2E75}
		{9EF632AC-C86F-6551-7620-C946B3CD55DE} = {1C4CA5C1-79E1-410C-9ADF-D7802D8E2E75}
		{DA538144-72E7-4D1D-B888-17678B055250} = {9EF632AC-C86F-6551-7620-C946B3CD55DE}
		{470F8237-6F0A-4853-8C5B-88017CB921AF} = {9EF632AC-C86F-6551-7620-C946B3CD55DE}
		{AF24E087-B34A-480A-8854-0A7CDB10FDEE} = {9EF632AC-C86F-6551-7620-C946B3CD55DE}
		{B0A3F790-A190-4263-AB13-4CB7EB46F0D3} = {9EF632AC-C86F-6551-7620-C946B3CD55DE}
		{08FD06FB-3BE2-4C07-B57D-A90394C1F9CA} = {9EF632AC-C86F-6551-7620-C946B3CD55DE}
		{2C8DBD0F-46D9-D3BE-1ED6-94D74079D05D} = {0AB3BF05-4346-4AA6-1389-037BE0695223}
		{CD334591-94F4-4C4F-826C-C45CC638196E} = {2C8DBD0F-46D9-D3BE-1ED6-94D74079D05D}
		{489549B0-D52D-4CE6-B8AA-FBB65BD586EC} = {2C8DBD0F-46D9-D3BE-1ED6-94D74079D05D}
		{0EF03AC8-E6B3-490A-9C06-139163A9C8B0} = {2C8DBD0F-46D9-D3BE-1ED6-94D74079D05D}
		{98E7D69E-73D2-4E6F-802F-0F55027D8617} = {2C8DBD0F-46D9-D3BE-1ED6-94D74079D05D}
	EndGlobalSection
EndGlobal
