
Microsoft Visual Studio Solution File, Format Version 12.00
# Visual Studio Version 17
VisualStudioVersion = 17.0.31903.59
MinimumVisualStudioVersion = 10.0.40219.1
Project("{FAE04EC0-301F-11D3-BF4B-00C04F79EFBC}") = "Raijin.AppHost", "src\AppHost\Raijin.AppHost.csproj", "{9E78C4E5-5DAE-4A86-B5FD-3ADD087A02C5}"
EndProject
Project("{2150E333-8FDC-42A3-9474-1A3956D46DE8}") = "ProblemSolvingService", "ProblemSolvingService", "{9EF632AC-C86F-6551-7620-C946B3CD55DE}"
EndProject
Project("{FAE04EC0-301F-11D3-BF4B-00C04F79EFBC}") = "Raijin.ProblemSolvingService.Api", "src\ProblemSolvingService\Api\Raijin.ProblemSolvingService.Api.csproj", "{DA538144-72E7-4D1D-B888-17678B055250}"
EndProject
Project("{FAE04EC0-301F-11D3-BF4B-00C04F79EFBC}") = "Raijin.ProblemSolvingService.Api.ServiceDefaults", "src\ProblemSolvingService\Api.ServiceDefaults\Raijin.ProblemSolvingService.Api.ServiceDefaults.csproj", "{470F8237-6F0A-4853-8C5B-88017CB921AF}"
EndProject
Project("{FAE04EC0-301F-11D3-BF4B-00C04F79EFBC}") = "Raijin.ProblemSolvingService.Application", "src\ProblemSolvingService\Application\Raijin.ProblemSolvingService.Application.csproj", "{AF24E087-B34A-480A-8854-0A7CDB10FDEE}"
EndProject
Project("{FAE04EC0-301F-11D3-BF4B-00C04F79EFBC}") = "Raijin.ProblemSolvingService.Infrastructure", "src\ProblemSolvingService\Infrastructure\Raijin.ProblemSolvingService.Infrastructure.csproj", "{B0A3F790-A190-4263-AB13-4CB7EB46F0D3}"
EndProject
Project("{FAE04EC0-301F-11D3-BF4B-00C04F79EFBC}") = "Raijin.ProblemSolvingService.Domain", "src\ProblemSolvingService\Domain\Raijin.ProblemSolvingService.Domain.csproj", "{08FD06FB-3BE2-4C07-B57D-A90394C1F9CA}"
EndProject
Project("{2150E333-8FDC-42A3-9474-1A3956D46DE8}") = "src", "src", "{1C4CA5C1-79E1-410C-9ADF-D7802D8E2E75}"
	ProjectSection(SolutionItems) = preProject
		src\.gitignore = src\.gitignore
	EndProjectSection
EndProject
Project("{2150E333-8FDC-42A3-9474-1A3956D46DE8}") = "tests", "tests", "{0AB3BF05-4346-4AA6-1389-037BE0695223}"
EndProject
Project("{2150E333-8FDC-42A3-9474-1A3956D46DE8}") = "ProblemSolvingService", "ProblemSolvingService", "{2C8DBD0F-46D9-D3BE-1ED6-94D74079D05D}"
EndProject
Project("{FAE04EC0-301F-11D3-BF4B-00C04F79EFBC}") = "Raijin.ProblemSolvingService.Api.Tests", "tests\ProblemSolvingService\Api.Tests\Raijin.ProblemSolvingService.Api.Tests.csproj", "{CD334591-94F4-4C4F-826C-C45CC638196E}"
EndProject
Project("{FAE04EC0-301F-11D3-BF4B-00C04F79EFBC}") = "Raijin.ProblemSolvingService.Application.Tests", "tests\ProblemSolvingService\Application.Tests\Raijin.ProblemSolvingService.Application.Tests.csproj", "{489549B0-D52D-4CE6-B8AA-FBB65BD586EC}"
EndProject
Project("{FAE04EC0-301F-11D3-BF4B-00C04F79EFBC}") = "Raijin.ProblemSolvingService.Domain.Tests", "tests\ProblemSolvingService\Domain.Tests\Raijin.ProblemSolvingService.Domain.Tests.csproj", "{0EF03AC8-E6B3-490A-9C06-139163A9C8B0}"
EndProject
Project("{FAE04EC0-301F-11D3-BF4B-00C04F79EFBC}") = "Raijin.ProblemSolvingService.Infrastructure.Tests", "tests\ProblemSolvingService\Infrastructure.Tests\Raijin.ProblemSolvingService.Infrastructure.Tests.csproj", "{98E7D69E-73D2-4E6F-802F-0F55027D8617}"
EndProject
Project("{FAE04EC0-301F-11D3-BF4B-00C04F79EFBC}") = "Raijin.Constants", "src\Constants\Raijin.Constants.csproj", "{E5DAE0C5-2311-4FD9-935E-DFEB5727AF80}"
EndProject
Global
	GlobalSection(SolutionConfigurationPlatforms) = preSolution
		Debug|Any CPU = Debug|Any CPU
		Debug|x64 = Debug|x64
		Debug|x86 = Debug|x86
		Release|Any CPU = Release|Any CPU
		Release|x64 = Release|x64
		Release|x86 = Release|x86
	EndGlobalSection
	GlobalSection(ProjectConfigurationPlatforms) = postSolution
		{9E78C4E5-5DAE-4A86-B5FD-3ADD087A02C5}.Debug|Any CPU.ActiveCfg = Debug|Any CPU
		{9E78C4E5-5DAE-4A86-B5FD-3ADD087A02C5}.Debug|Any CPU.Build.0 = Debug|Any CPU
		{9E78C4E5-5DAE-4A86-B5FD-3ADD087A02C5}.Debug|x64.ActiveCfg = Debug|Any CPU
		{9E78C4E5-5DAE-4A86-B5FD-3ADD087A02C5}.Debug|x64.Build.0 = Debug|Any CPU
		{9E78C4E5-5DAE-4A86-B5FD-3ADD087A02C5}.Debug|x86.ActiveCfg = Debug|Any CPU
		{9E78C4E5-5DAE-4A86-B5FD-3ADD087A02C5}.Debug|x86.Build.0 = Debug|Any CPU
		{9E78C4E5-5DAE-4A86-B5FD-3ADD087A02C5}.Release|Any CPU.ActiveCfg = Release|Any CPU
		{9E78C4E5-5DAE-4A86-B5FD-3ADD087A02C5}.Release|Any CPU.Build.0 = Release|Any CPU
		{9E78C4E5-5DAE-4A86-B5FD-3ADD087A02C5}.Release|x64.ActiveCfg = Release|Any CPU
		{9E78C4E5-5DAE-4A86-B5FD-3ADD087A02C5}.Release|x64.Build.0 = Release|Any CPU
		{9E78C4E5-5DAE-4A86-B5FD-3ADD087A02C5}.Release|x86.ActiveCfg = Release|Any CPU
		{9E78C4E5-5DAE-4A86-B5FD-3ADD087A02C5}.Release|x86.Build.0 = Release|Any CPU
		{DA538144-72E7-4D1D-B888-17678B055250}.Debug|Any CPU.ActiveCfg = Debug|Any CPU
		{DA538144-72E7-4D1D-B888-17678B055250}.Debug|Any CPU.Build.0 = Debug|Any CPU
		{DA538144-72E7-4D1D-B888-17678B055250}.Debug|x64.ActiveCfg = Debug|Any CPU
		{DA538144-72E7-4D1D-B888-17678B055250}.Debug|x64.Build.0 = Debug|Any CPU
		{DA538144-72E7-4D1D-B888-17678B055250}.Debug|x86.ActiveCfg = Debug|Any CPU
		{DA538144-72E7-4D1D-B888-17678B055250}.Debug|x86.Build.0 = Debug|Any CPU
		{DA538144-72E7-4D1D-B888-17678B055250}.Release|Any CPU.ActiveCfg = Release|Any CPU
		{DA538144-72E7-4D1D-B888-17678B055250}.Release|Any CPU.Build.0 = Release|Any CPU
		{DA538144-72E7-4D1D-B888-17678B055250}.Release|x64.ActiveCfg = Release|Any CPU
		{DA538144-72E7-4D1D-B888-17678B055250}.Release|x64.Build.0 = Release|Any CPU
		{DA538144-72E7-4D1D-B888-17678B055250}.Release|x86.ActiveCfg = Release|Any CPU
		{DA538144-72E7-4D1D-B888-17678B055250}.Release|x86.Build.0 = Release|Any CPU
		{470F8237-6F0A-4853-8C5B-88017CB921AF}.Debug|Any CPU.ActiveCfg = Debug|Any CPU
		{470F8237-6F0A-4853-8C5B-88017CB921AF}.Debug|Any CPU.Build.0 = Debug|Any CPU
		{470F8237-6F0A-4853-8C5B-88017CB921AF}.Debug|x64.ActiveCfg = Debug|Any CPU
		{470F8237-6F0A-4853-8C5B-88017CB921AF}.Debug|x64.Build.0 = Debug|Any CPU
		{470F8237-6F0A-4853-8C5B-88017CB921AF}.Debug|x86.ActiveCfg = Debug|Any CPU
		{470F8237-6F0A-4853-8C5B-88017CB921AF}.Debug|x86.Build.0 = Debug|Any CPU
		{470F8237-6F0A-4853-8C5B-88017CB921AF}.Release|Any CPU.ActiveCfg = Release|Any CPU
		{470F8237-6F0A-4853-8C5B-88017CB921AF}.Release|Any CPU.Build.0 = Release|Any CPU
		{470F8237-6F0A-4853-8C5B-88017CB921AF}.Release|x64.ActiveCfg = Release|Any CPU
		{470F8237-6F0A-4853-8C5B-88017CB921AF}.Release|x64.Build.0 = Release|Any CPU
		{470F8237-6F0A-4853-8C5B-88017CB921AF}.Release|x86.ActiveCfg = Release|Any CPU
		{470F8237-6F0A-4853-8C5B-88017CB921AF}.Release|x86.Build.0 = Release|Any CPU
		{AF24E087-B34A-480A-8854-0A7CDB10FDEE}.Debug|Any CPU.ActiveCfg = Debug|Any CPU
		{AF24E087-B34A-480A-8854-0A7CDB10FDEE}.Debug|Any CPU.Build.0 = Debug|Any CPU
		{AF24E087-B34A-480A-8854-0A7CDB10FDEE}.Debug|x64.ActiveCfg = Debug|Any CPU
		{AF24E087-B34A-480A-8854-0A7CDB10FDEE}.Debug|x64.Build.0 = Debug|Any CPU
		{AF24E087-B34A-480A-8854-0A7CDB10FDEE}.Debug|x86.ActiveCfg = Debug|Any CPU
		{AF24E087-B34A-480A-8854-0A7CDB10FDEE}.Debug|x86.Build.0 = Debug|Any CPU
		{AF24E087-B34A-480A-8854-0A7CDB10FDEE}.Release|Any CPU.ActiveCfg = Release|Any CPU
		{AF24E087-B34A-480A-8854-0A7CDB10FDEE}.Release|Any CPU.Build.0 = Release|Any CPU
		{AF24E087-B34A-480A-8854-0A7CDB10FDEE}.Release|x64.ActiveCfg = Release|Any CPU
		{AF24E087-B34A-480A-8854-0A7CDB10FDEE}.Release|x64.Build.0 = Release|Any CPU
		{AF24E087-B34A-480A-8854-0A7CDB10FDEE}.Release|x86.ActiveCfg = Release|Any CPU
		{AF24E087-B34A-480A-8854-0A7CDB10FDEE}.Release|x86.Build.0 = Release|Any CPU
		{B0A3F790-A190-4263-AB13-4CB7EB46F0D3}.Debug|Any CPU.ActiveCfg = Debug|Any CPU
		{B0A3F790-A190-4263-AB13-4CB7EB46F0D3}.Debug|Any CPU.Build.0 = Debug|Any CPU
		{B0A3F790-A190-4263-AB13-4CB7EB46F0D3}.Debug|x64.ActiveCfg = Debug|Any CPU
		{B0A3F790-A190-4263-AB13-4CB7EB46F0D3}.Debug|x64.Build.0 = Debug|Any CPU
		{B0A3F790-A190-4263-AB13-4CB7EB46F0D3}.Debug|x86.ActiveCfg = Debug|Any CPU
		{B0A3F790-A190-4263-AB13-4CB7EB46F0D3}.Debug|x86.Build.0 = Debug|Any CPU
		{B0A3F790-A190-4263-AB13-4CB7EB46F0D3}.Release|Any CPU.ActiveCfg = Release|Any CPU
		{B0A3F790-A190-4263-AB13-4CB7EB46F0D3}.Release|Any CPU.Build.0 = Release|Any CPU
		{B0A3F790-A190-4263-AB13-4CB7EB46F0D3}.Release|x64.ActiveCfg = Release|Any CPU
		{B0A3F790-A190-4263-AB13-4CB7EB46F0D3}.Release|x64.Build.0 = Release|Any CPU
		{B0A3F790-A190-4263-AB13-4CB7EB46F0D3}.Release|x86.ActiveCfg = Release|Any CPU
		{B0A3F790-A190-4263-AB13-4CB7EB46F0D3}.Release|x86.Build.0 = Release|Any CPU
		{08FD06FB-3BE2-4C07-B57D-A90394C1F9CA}.Debug|Any CPU.ActiveCfg = Debug|Any CPU
		{08FD06FB-3BE2-4C07-B57D-A90394C1F9CA}.Debug|Any CPU.Build.0 = Debug|Any CPU
		{08FD06FB-3BE2-4C07-B57D-A90394C1F9CA}.Debug|x64.ActiveCfg = Debug|Any CPU
		{08FD06FB-3BE2-4C07-B57D-A90394C1F9CA}.Debug|x64.Build.0 = Debug|Any CPU
		{08FD06FB-3BE2-4C07-B57D-A90394C1F9CA}.Debug|x86.ActiveCfg = Debug|Any CPU
		{08FD06FB-3BE2-4C07-B57D-A90394C1F9CA}.Debug|x86.Build.0 = Debug|Any CPU
		{08FD06FB-3BE2-4C07-B57D-A90394C1F9CA}.Release|Any CPU.ActiveCfg = Release|Any CPU
		{08FD06FB-3BE2-4C07-B57D-A90394C1F9CA}.Release|Any CPU.Build.0 = Release|Any CPU
		{08FD06FB-3BE2-4C07-B57D-A90394C1F9CA}.Release|x64.ActiveCfg = Release|Any CPU
		{08FD06FB-3BE2-4C07-B57D-A90394C1F9CA}.Release|x64.Build.0 = Release|Any CPU
		{08FD06FB-3BE2-4C07-B57D-A90394C1F9CA}.Release|x86.ActiveCfg = Release|Any CPU
		{08FD06FB-3BE2-4C07-B57D-A90394C1F9CA}.Release|x86.Build.0 = Release|Any CPU
		{CD334591-94F4-4C4F-826C-C45CC638196E}.Debug|Any CPU.ActiveCfg = Debug|Any CPU
		{CD334591-94F4-4C4F-826C-C45CC638196E}.Debug|Any CPU.Build.0 = Debug|Any CPU
		{CD334591-94F4-4C4F-826C-C45CC638196E}.Debug|x64.ActiveCfg = Debug|Any CPU
		{CD334591-94F4-4C4F-826C-C45CC638196E}.Debug|x64.Build.0 = Debug|Any CPU
		{CD334591-94F4-4C4F-826C-C45CC638196E}.Debug|x86.ActiveCfg = Debug|Any CPU
		{CD334591-94F4-4C4F-826C-C45CC638196E}.Debug|x86.Build.0 = Debug|Any CPU
		{CD334591-94F4-4C4F-826C-C45CC638196E}.Release|Any CPU.ActiveCfg = Release|Any CPU
		{CD334591-94F4-4C4F-826C-C45CC638196E}.Release|Any CPU.Build.0 = Release|Any CPU
		{CD334591-94F4-4C4F-826C-C45CC638196E}.Release|x64.ActiveCfg = Release|Any CPU
		{CD334591-94F4-4C4F-826C-C45CC638196E}.Release|x64.Build.0 = Release|Any CPU
		{CD334591-94F4-4C4F-826C-C45CC638196E}.Release|x86.ActiveCfg = Release|Any CPU
		{CD334591-94F4-4C4F-826C-C45CC638196E}.Release|x86.Build.0 = Release|Any CPU
		{489549B0-D52D-4CE6-B8AA-FBB65BD586EC}.Debug|Any CPU.ActiveCfg = Debug|Any CPU
		{489549B0-D52D-4CE6-B8AA-FBB65BD586EC}.Debug|Any CPU.Build.0 = Debug|Any CPU
		{489549B0-D52D-4CE6-B8AA-FBB65BD586EC}.Debug|x64.ActiveCfg = Debug|Any CPU
		{489549B0-D52D-4CE6-B8AA-FBB65BD586EC}.Debug|x64.Build.0 = Debug|Any CPU
		{489549B0-D52D-4CE6-B8AA-FBB65BD586EC}.Debug|x86.ActiveCfg = Debug|Any CPU
		{489549B0-D52D-4CE6-B8AA-FBB65BD586EC}.Debug|x86.Build.0 = Debug|Any CPU
		{489549B0-D52D-4CE6-B8AA-FBB65BD586EC}.Release|Any CPU.ActiveCfg = Release|Any CPU
		{489549B0-D52D-4CE6-B8AA-FBB65BD586EC}.Release|Any CPU.Build.0 = Release|Any CPU
		{489549B0-D52D-4CE6-B8AA-FBB65BD586EC}.Release|x64.ActiveCfg = Release|Any CPU
		{489549B0-D52D-4CE6-B8AA-FBB65BD586EC}.Release|x64.Build.0 = Release|Any CPU
		{489549B0-D52D-4CE6-B8AA-FBB65BD586EC}.Release|x86.ActiveCfg = Release|Any CPU
		{489549B0-D52D-4CE6-B8AA-FBB65BD586EC}.Release|x86.Build.0 = Release|Any CPU
		{0EF03AC8-E6B3-490A-9C06-139163A9C8B0}.Debug|Any CPU.ActiveCfg = Debug|Any CPU
		{0EF03AC8-E6B3-490A-9C06-139163A9C8B0}.Debug|Any CPU.Build.0 = Debug|Any CPU
		{0EF03AC8-E6B3-490A-9C06-139163A9C8B0}.Debug|x64.ActiveCfg = Debug|Any CPU
		{0EF03AC8-E6B3-490A-9C06-139163A9C8B0}.Debug|x64.Build.0 = Debug|Any CPU
		{0EF03AC8-E6B3-490A-9C06-139163A9C8B0}.Debug|x86.ActiveCfg = Debug|Any CPU
		{0EF03AC8-E6B3-490A-9C06-139163A9C8B0}.Debug|x86.Build.0 = Debug|Any CPU
		{0EF03AC8-E6B3-490A-9C06-139163A9C8B0}.Release|Any CPU.ActiveCfg = Release|Any CPU
		{0EF03AC8-E6B3-490A-9C06-139163A9C8B0}.Release|Any CPU.Build.0 = Release|Any CPU
		{0EF03AC8-E6B3-490A-9C06-139163A9C8B0}.Release|x64.ActiveCfg = Release|Any CPU
		{0EF03AC8-E6B3-490A-9C06-139163A9C8B0}.Release|x64.Build.0 = Release|Any CPU
		{0EF03AC8-E6B3-490A-9C06-139163A9C8B0}.Release|x86.ActiveCfg = Release|Any CPU
		{0EF03AC8-E6B3-490A-9C06-139163A9C8B0}.Release|x86.Build.0 = Release|Any CPU
		{98E7D69E-73D2-4E6F-802F-0F55027D8617}.Debug|Any CPU.ActiveCfg = Debug|Any CPU
		{98E7D69E-73D2-4E6F-802F-0F55027D8617}.Debug|Any CPU.Build.0 = Debug|Any CPU
		{98E7D69E-73D2-4E6F-802F-0F55027D8617}.Debug|x64.ActiveCfg = Debug|Any CPU
		{98E7D69E-73D2-4E6F-802F-0F55027D8617}.Debug|x64.Build.0 = Debug|Any CPU
		{98E7D69E-73D2-4E6F-802F-0F55027D8617}.Debug|x86.ActiveCfg = Debug|Any CPU
		{98E7D69E-73D2-4E6F-802F-0F55027D8617}.Debug|x86.Build.0 = Debug|Any CPU
		{98E7D69E-73D2-4E6F-802F-0F55027D8617}.Release|Any CPU.ActiveCfg = Release|Any CPU
		{98E7D69E-73D2-4E6F-802F-0F55027D8617}.Release|Any CPU.Build.0 = Release|Any CPU
		{98E7D69E-73D2-4E6F-802F-0F55027D8617}.Release|x64.ActiveCfg = Release|Any CPU
		{98E7D69E-73D2-4E6F-802F-0F55027D8617}.Release|x64.Build.0 = Release|Any CPU
		{98E7D69E-73D2-4E6F-802F-0F55027D8617}.Release|x86.ActiveCfg = Release|Any CPU
		{98E7D69E-73D2-4E6F-802F-0F55027D8617}.Release|x86.Build.0 = Release|Any CPU
		{E5DAE0C5-2311-4FD9-935E-DFEB5727AF80}.Debug|Any CPU.ActiveCfg = Debug|Any CPU
		{E5DAE0C5-2311-4FD9-935E-DFEB5727AF80}.Debug|Any CPU.Build.0 = Debug|Any CPU
		{E5DAE0C5-2311-4FD9-935E-DFEB5727AF80}.Debug|x64.ActiveCfg = Debug|Any CPU
		{E5DAE0C5-2311-4FD9-935E-DFEB5727AF80}.Debug|x64.Build.0 = Debug|Any CPU
		{E5DAE0C5-2311-4FD9-935E-DFEB5727AF80}.Debug|x86.ActiveCfg = Debug|Any CPU
		{E5DAE0C5-2311-4FD9-935E-DFEB5727AF80}.Debug|x86.Build.0 = Debug|Any CPU
		{E5DAE0C5-2311-4FD9-935E-DFEB5727AF80}.Release|Any CPU.ActiveCfg = Release|Any CPU
		{E5DAE0C5-2311-4FD9-935E-DFEB5727AF80}.Release|Any CPU.Build.0 = Release|Any CPU
		{E5DAE0C5-2311-4FD9-935E-DFEB5727AF80}.Release|x64.ActiveCfg = Release|Any CPU
		{E5DAE0C5-2311-4FD9-935E-DFEB5727AF80}.Release|x64.Build.0 = Release|Any CPU
		{E5DAE0C5-2311-4FD9-935E-DFEB5727AF80}.Release|x86.ActiveCfg = Release|Any CPU
		{E5DAE0C5-2311-4FD9-935E-DFEB5727AF80}.Release|x86.Build.0 = Release|Any CPU
	EndGlobalSection
	GlobalSection(SolutionProperties) = preSolution
		HideSolutionNode = FALSE
	EndGlobalSection
	GlobalSection(NestedProjects) = preSolution
		{9E78C4E5-5DAE-4A86-B5FD-3ADD087A02C5} = {1C4CA5C1-79E1-410C-9ADF-D7802D8E2E75}
		{9EF632AC-C86F-6551-7620-C946B3CD55DE} = {1C4CA5C1-79E1-410C-9ADF-D7802D8E2E75}
		{DA538144-72E7-4D1D-B888-17678B055250} = {9EF632AC-C86F-6551-7620-C946B3CD55DE}
		{470F8237-6F0A-4853-8C5B-88017CB921AF} = {9EF632AC-C86F-6551-7620-C946B3CD55DE}
		{AF24E087-B34A-480A-8854-0A7CDB10FDEE} = {9EF632AC-C86F-6551-7620-C946B3CD55DE}
		{B0A3F790-A190-4263-AB13-4CB7EB46F0D3} = {9EF632AC-C86F-6551-7620-C946B3CD55DE}
		{08FD06FB-3BE2-4C07-B57D-A90394C1F9CA} = {9EF632AC-C86F-6551-7620-C946B3CD55DE}
		{2C8DBD0F-46D9-D3BE-1ED6-94D74079D05D} = {0AB3BF05-4346-4AA6-1389-037BE0695223}
		{CD334591-94F4-4C4F-826C-C45CC638196E} = {2C8DBD0F-46D9-D3BE-1ED6-94D74079D05D}
		{489549B0-D52D-4CE6-B8AA-FBB65BD586EC} = {2C8DBD0F-46D9-D3BE-1ED6-94D74079D05D}
		{0EF03AC8-E6B3-490A-9C06-139163A9C8B0} = {2C8DBD0F-46D9-D3BE-1ED6-94D74079D05D}
		{98E7D69E-73D2-4E6F-802F-0F55027D8617} = {2C8DBD0F-46D9-D3BE-1ED6-94D74079D05D}
		{E5DAE0C5-2311-4FD9-935E-DFEB5727AF80} = {1C4CA5C1-79E1-410C-9ADF-D7802D8E2E75}
	EndGlobalSection
EndGlobal
