
Microsoft Visual Studio Solution File, Format Version 12.00
# Visual Studio Version 17
VisualStudioVersion = 17.0.31903.59
MinimumVisualStudioVersion = 10.0.40219.1
Project("{FAE04EC0-301F-11D3-BF4B-00C04F79EFBC}") = "Raijin.AppHost", "src\AppHost\Raijin.AppHost.csproj", "{9E78C4E5-5DAE-4A86-B5FD-3ADD087A02C5}"
EndProject
Project("{2150E333-8FDC-42A3-9474-1A3956D46DE8}") = "ProblemSolvingService", "ProblemSolvingService", "{9EF632AC-C86F-6551-7620-C946B3CD55DE}"
EndProject
Project("{FAE04EC0-301F-11D3-BF4B-00C04F79EFBC}") = "Raijin.ProblemSolvingService.Api", "src\ProblemSolvingService\Api\Raijin.ProblemSolvingService.Api.csproj", "{DA538144-72E7-4D1D-B888-17678B055250}"
EndProject
Project("{FAE04EC0-301F-11D3-BF4B-00C04F79EFBC}") = "Raijin.ProblemSolvingService.Application", "src\ProblemSolvingService\Application\Raijin.ProblemSolvingService.Application.csproj", "{AF24E087-B34A-480A-8854-0A7CDB10FDEE}"
EndProject
Project("{FAE04EC0-301F-11D3-BF4B-00C04F79EFBC}") = "Raijin.ProblemSolvingService.Infrastructure", "src\ProblemSolvingService\Infrastructure\Raijin.ProblemSolvingService.Infrastructure.csproj", "{B0A3F790-A190-4263-AB13-4CB7EB46F0D3}"
EndProject
Project("{FAE04EC0-301F-11D3-BF4B-00C04F79EFBC}") = "Raijin.ProblemSolvingService.Domain", "src\ProblemSolvingService\Domain\Raijin.ProblemSolvingService.Domain.csproj", "{08FD06FB-3BE2-4C07-B57D-A90394C1F9CA}"
EndProject
Project("{2150E333-8FDC-42A3-9474-1A3956D46DE8}") = "src", "src", "{1C4CA5C1-79E1-410C-9ADF-D7802D8E2E75}"
	ProjectSection(SolutionItems) = preProject
		src\.gitignore = src\.gitignore
	EndProjectSection
EndProject
Project("{2150E333-8FDC-42A3-9474-1A3956D46DE8}") = "tests", "tests", "{0AB3BF05-4346-4AA6-1389-037BE0695223}"
EndProject
Project("{2150E333-8FDC-42A3-9474-1A3956D46DE8}") = "ProblemSolvingService", "ProblemSolvingService", "{2C8DBD0F-46D9-D3BE-1ED6-94D74079D05D}"
EndProject
Project("{FAE04EC0-301F-11D3-BF4B-00C04F79EFBC}") = "Raijin.ProblemSolvingService.Api.Tests", "tests\ProblemSolvingService\Api.Tests\Raijin.ProblemSolvingService.Api.Tests.csproj", "{CD334591-94F4-4C4F-826C-C45CC638196E}"
EndProject
Project("{FAE04EC0-301F-11D3-BF4B-00C04F79EFBC}") = "Raijin.ProblemSolvingService.Application.Tests", "tests\ProblemSolvingService\Application.Tests\Raijin.ProblemSolvingService.Application.Tests.csproj", "{489549B0-D52D-4CE6-B8AA-FBB65BD586EC}"
EndProject
Project("{FAE04EC0-301F-11D3-BF4B-00C04F79EFBC}") = "Raijin.ProblemSolvingService.Domain.Tests", "tests\ProblemSolvingService\Domain.Tests\Raijin.ProblemSolvingService.Domain.Tests.csproj", "{0EF03AC8-E6B3-490A-9C06-139163A9C8B0}"
EndProject
Project("{FAE04EC0-301F-11D3-BF4B-00C04F79EFBC}") = "Raijin.ProblemSolvingService.Infrastructure.Tests", "tests\ProblemSolvingService\Infrastructure.Tests\Raijin.ProblemSolvingService.Infrastructure.Tests.csproj", "{98E7D69E-73D2-4E6F-802F-0F55027D8617}"
EndProject
Project("{FAE04EC0-301F-11D3-BF4B-00C04F79EFBC}") = "Raijin.ServiceDefaults", "src\ServiceDefaults\Raijin.ServiceDefaults.csproj", "{B12403CC-4AFF-4312-B663-66D994E4CE11}"
EndProject
Project("{FAE04EC0-301F-11D3-BF4B-00C04F79EFBC}") = "Raijin.ApiGateway", "src\ApiGateway\Raijin.ApiGateway.csproj", "{6A4AF6D3-26AD-4F18-A3A0-1C8025CB48AD}"
EndProject
Project("{2150E333-8FDC-42A3-9474-1A3956D46DE8}") = "CombinatoricsService", "CombinatoricsService", "{4A7278BF-A8F4-A173-572A-ABB985D30FD7}"
EndProject
Project("{FAE04EC0-301F-11D3-BF4B-00C04F79EFBC}") = "Raijin.CombinatoricsService.Api", "src\CombinatoricsService\Api\Raijin.CombinatoricsService.Api.csproj", "{A96136BB-910D-4D26-A60C-46B0B17E8DD5}"
EndProject
Project("{FAE04EC0-301F-11D3-BF4B-00C04F79EFBC}") = "Raijin.CombinatoricsService.Application", "src\CombinatoricsService\Application\Raijin.CombinatoricsService.Application.csproj", "{7428EF92-EC3D-42CF-93F3-7325E5491366}"
EndProject
Project("{FAE04EC0-301F-11D3-BF4B-00C04F79EFBC}") = "Raijin.CombinatoricsService.Domain", "src\CombinatoricsService\Domain\Raijin.CombinatoricsService.Domain.csproj", "{F276FE90-DDEA-412D-8A6E-EDEA300377B9}"
EndProject
Project("{FAE04EC0-301F-11D3-BF4B-00C04F79EFBC}") = "Raijin.CombinatoricsService.Infrastructure", "src\CombinatoricsService\Infrastructure\Raijin.CombinatoricsService.Infrastructure.csproj", "{6E6A132A-649D-489E-B586-C538F8F0FF08}"
EndProject
Project("{2150E333-8FDC-42A3-9474-1A3956D46DE8}") = "IdentityService", "IdentityService", "{6AC765BE-60F4-885B-6756-55004CA8460E}"
EndProject
Project("{FAE04EC0-301F-11D3-BF4B-00C04F79EFBC}") = "Raijin.IdentityService.Api", "src\IdentityService\Api\Raijin.IdentityService.Api.csproj", "{8154F659-583B-4980-85ED-F9729A2CE2C6}"
EndProject
Project("{FAE04EC0-301F-11D3-BF4B-00C04F79EFBC}") = "Raijin.IdentityService.Application", "src\IdentityService\Application\Raijin.IdentityService.Application.csproj", "{4204F5A9-2C65-4725-B68C-C4690188F245}"
EndProject
Project("{FAE04EC0-301F-11D3-BF4B-00C04F79EFBC}") = "Raijin.IdentityService.Domain", "src\IdentityService\Domain\Raijin.IdentityService.Domain.csproj", "{B3699593-0766-4FEB-B09E-75F2F3D97ADD}"
EndProject
Project("{FAE04EC0-301F-11D3-BF4B-00C04F79EFBC}") = "Raijin.IdentityService.Infrastructure", "src\IdentityService\Infrastructure\Raijin.IdentityService.Infrastructure.csproj", "{C6447BEA-6BB0-4E11-91CD-2FC7534A3722}"
EndProject
Project("{2150E333-8FDC-42A3-9474-1A3956D46DE8}") = "QueryService", "QueryService", "{22D19037-DDB4-F43F-1A25-1B2D3C64480B}"
EndProject
Project("{FAE04EC0-301F-11D3-BF4B-00C04F79EFBC}") = "Raijin.QueryService.Api", "src\QueryService\Api\Raijin.QueryService.Api.csproj", "{D480590A-9B49-4571-AC3B-8369A8DA204E}"
EndProject
Project("{FAE04EC0-301F-11D3-BF4B-00C04F79EFBC}") = "Raijin.QueryService.Application", "src\QueryService\Application\Raijin.QueryService.Application.csproj", "{F4BB3EB3-1B6D-4AF9-A21D-B4CA520018BD}"
EndProject
Project("{FAE04EC0-301F-11D3-BF4B-00C04F79EFBC}") = "Raijin.QueryService.Domain", "src\QueryService\Domain\Raijin.QueryService.Domain.csproj", "{3C714120-5DF5-420B-AE6E-ECCAB9611228}"
EndProject
Project("{FAE04EC0-301F-11D3-BF4B-00C04F79EFBC}") = "Raijin.QueryService.Infrastructure", "src\QueryService\Infrastructure\Raijin.QueryService.Infrastructure.csproj", "{1FA13513-604F-425D-9C39-C892DB41B81E}"
EndProject
Project("{2150E333-8FDC-42A3-9474-1A3956D46DE8}") = "SatSolver", "SatSolver", "{DA5DE924-0BB9-F642-6340-332DDA637FE7}"
EndProject
Project("{FAE04EC0-301F-11D3-BF4B-00C04F79EFBC}") = "Raijin.SatSolver.Application", "src\SatSolver\Application\Raijin.SatSolver.Application.csproj", "{528F11AE-F4DE-43E2-B0CB-B4B91776A730}"
EndProject
Project("{FAE04EC0-301F-11D3-BF4B-00C04F79EFBC}") = "Raijin.SatSolver.Domain", "src\SatSolver\Domain\Raijin.SatSolver.Domain.csproj", "{118D4D05-9012-44FB-AF27-B0829E7C098D}"
EndProject
Project("{FAE04EC0-301F-11D3-BF4B-00C04F79EFBC}") = "Raijin.SatSolver.Infrastructure", "src\SatSolver\Infrastructure\Raijin.SatSolver.Infrastructure.csproj", "{7BE246E7-DEB0-4ACA-9C6F-227FCC78CB0A}"
EndProject
Project("{FAE04EC0-301F-11D3-BF4B-00C04F79EFBC}") = "Raijin.SatSolver.Worker", "src\SatSolver\Worker\Raijin.SatSolver.Worker.csproj", "{3B5222FF-967B-4247-A95D-76CDFEF213C8}"
EndProject
Project("{2150E333-8FDC-42A3-9474-1A3956D46DE8}") = "SatSolver", "SatSolver", "{EDF9C86A-6EDC-45EB-94A4-7444934EA230}"
EndProject
Project("{FAE04EC0-301F-11D3-BF4B-00C04F79EFBC}") = "Raijin.SatSolver.Domain.Tests", "tests\SatSolver\Domain\Raijin.SatSolver.Domain.Tests.csproj", "{BB5421FC-5925-412B-97A1-1AEC69297FD9}"
EndProject
Project("{FAE04EC0-301F-11D3-BF4B-00C04F79EFBC}") = "Raijin.SatSolver.Application.Tests", "tests\SatSolver\Application\Raijin.SatSolver.Application.Tests.csproj", "{FBAAC858-5AC9-4B0E-AE9D-EF08876D2FBC}"
EndProject
Project("{2150E333-8FDC-42A3-9474-1A3956D46DE8}") = "CombinatoricsService", "CombinatoricsService", "{98BC81FC-D7B3-4F6A-8CF7-D4AFAFBB7965}"
EndProject
Project("{FAE04EC0-301F-11D3-BF4B-00C04F79EFBC}") = "Raijin.CombinatoricsService.Domain.Tests", "tests\CombinatoricsService\Domain\Raijin.CombinatoricsService.Domain.Tests.csproj", "{59FF98E7-FE84-4323-B8E9-0E0607C4C2C8}"
EndProject
Project("{FAE04EC0-301F-11D3-BF4B-00C04F79EFBC}") = "Raijin.SatSolver.Api", "src\SatSolver\Api\Raijin.SatSolver.Api.csproj", "{ED7AE6A2-2629-4156-A2B5-0D0623231CB9}"
EndProject
Project("{FAE04EC0-301F-11D3-BF4B-00C04F79EFBC}") = "Raijin.Application.Contracts", "src\Contracts\Raijin.Application.Contracts.csproj", "{BA033661-D1EE-4E25-98BA-34023449E15B}"
EndProject
Global
	GlobalSection(SolutionConfigurationPlatforms) = preSolution
		Debug|Any CPU = Debug|Any CPU
		Debug|x64 = Debug|x64
		Debug|x86 = Debug|x86
		Release|Any CPU = Release|Any CPU
		Release|x64 = Release|x64
		Release|x86 = Release|x86
	EndGlobalSection
	GlobalSection(ProjectConfigurationPlatforms) = postSolution
		{9E78C4E5-5DAE-4A86-B5FD-3ADD087A02C5}.Debug|Any CPU.ActiveCfg = Debug|Any CPU
		{9E78C4E5-5DAE-4A86-B5FD-3ADD087A02C5}.Debug|Any CPU.Build.0 = Debug|Any CPU
		{9E78C4E5-5DAE-4A86-B5FD-3ADD087A02C5}.Debug|x64.ActiveCfg = Debug|Any CPU
		{9E78C4E5-5DAE-4A86-B5FD-3ADD087A02C5}.Debug|x64.Build.0 = Debug|Any CPU
		{9E78C4E5-5DAE-4A86-B5FD-3ADD087A02C5}.Debug|x86.ActiveCfg = Debug|Any CPU
		{9E78C4E5-5DAE-4A86-B5FD-3ADD087A02C5}.Debug|x86.Build.0 = Debug|Any CPU
		{9E78C4E5-5DAE-4A86-B5FD-3ADD087A02C5}.Release|Any CPU.ActiveCfg = Release|Any CPU
		{9E78C4E5-5DAE-4A86-B5FD-3ADD087A02C5}.Release|Any CPU.Build.0 = Release|Any CPU
		{9E78C4E5-5DAE-4A86-B5FD-3ADD087A02C5}.Release|x64.ActiveCfg = Release|Any CPU
		{9E78C4E5-5DAE-4A86-B5FD-3ADD087A02C5}.Release|x64.Build.0 = Release|Any CPU
		{9E78C4E5-5DAE-4A86-B5FD-3ADD087A02C5}.Release|x86.ActiveCfg = Release|Any CPU
		{9E78C4E5-5DAE-4A86-B5FD-3ADD087A02C5}.Release|x86.Build.0 = Release|Any CPU
		{DA538144-72E7-4D1D-B888-17678B055250}.Debug|Any CPU.ActiveCfg = Debug|Any CPU
		{DA538144-72E7-4D1D-B888-17678B055250}.Debug|Any CPU.Build.0 = Debug|Any CPU
		{DA538144-72E7-4D1D-B888-17678B055250}.Debug|x64.ActiveCfg = Debug|Any CPU
		{DA538144-72E7-4D1D-B888-17678B055250}.Debug|x64.Build.0 = Debug|Any CPU
		{DA538144-72E7-4D1D-B888-17678B055250}.Debug|x86.ActiveCfg = Debug|Any CPU
		{DA538144-72E7-4D1D-B888-17678B055250}.Debug|x86.Build.0 = Debug|Any CPU
		{DA538144-72E7-4D1D-B888-17678B055250}.Release|Any CPU.ActiveCfg = Release|Any CPU
		{DA538144-72E7-4D1D-B888-17678B055250}.Release|Any CPU.Build.0 = Release|Any CPU
		{DA538144-72E7-4D1D-B888-17678B055250}.Release|x64.ActiveCfg = Release|Any CPU
		{DA538144-72E7-4D1D-B888-17678B055250}.Release|x64.Build.0 = Release|Any CPU
		{DA538144-72E7-4D1D-B888-17678B055250}.Release|x86.ActiveCfg = Release|Any CPU
		{DA538144-72E7-4D1D-B888-17678B055250}.Release|x86.Build.0 = Release|Any CPU
		{AF24E087-B34A-480A-8854-0A7CDB10FDEE}.Debug|Any CPU.ActiveCfg = Debug|Any CPU
		{AF24E087-B34A-480A-8854-0A7CDB10FDEE}.Debug|Any CPU.Build.0 = Debug|Any CPU
		{AF24E087-B34A-480A-8854-0A7CDB10FDEE}.Debug|x64.ActiveCfg = Debug|Any CPU
		{AF24E087-B34A-480A-8854-0A7CDB10FDEE}.Debug|x64.Build.0 = Debug|Any CPU
		{AF24E087-B34A-480A-8854-0A7CDB10FDEE}.Debug|x86.ActiveCfg = Debug|Any CPU
		{AF24E087-B34A-480A-8854-0A7CDB10FDEE}.Debug|x86.Build.0 = Debug|Any CPU
		{AF24E087-B34A-480A-8854-0A7CDB10FDEE}.Release|Any CPU.ActiveCfg = Release|Any CPU
		{AF24E087-B34A-480A-8854-0A7CDB10FDEE}.Release|Any CPU.Build.0 = Release|Any CPU
		{AF24E087-B34A-480A-8854-0A7CDB10FDEE}.Release|x64.ActiveCfg = Release|Any CPU
		{AF24E087-B34A-480A-8854-0A7CDB10FDEE}.Release|x64.Build.0 = Release|Any CPU
		{AF24E087-B34A-480A-8854-0A7CDB10FDEE}.Release|x86.ActiveCfg = Release|Any CPU
		{AF24E087-B34A-480A-8854-0A7CDB10FDEE}.Release|x86.Build.0 = Release|Any CPU
		{B0A3F790-A190-4263-AB13-4CB7EB46F0D3}.Debug|Any CPU.ActiveCfg = Debug|Any CPU
		{B0A3F790-A190-4263-AB13-4CB7EB46F0D3}.Debug|Any CPU.Build.0 = Debug|Any CPU
		{B0A3F790-A190-4263-AB13-4CB7EB46F0D3}.Debug|x64.ActiveCfg = Debug|Any CPU
		{B0A3F790-A190-4263-AB13-4CB7EB46F0D3}.Debug|x64.Build.0 = Debug|Any CPU
		{B0A3F790-A190-4263-AB13-4CB7EB46F0D3}.Debug|x86.ActiveCfg = Debug|Any CPU
		{B0A3F790-A190-4263-AB13-4CB7EB46F0D3}.Debug|x86.Build.0 = Debug|Any CPU
		{B0A3F790-A190-4263-AB13-4CB7EB46F0D3}.Release|Any CPU.ActiveCfg = Release|Any CPU
		{B0A3F790-A190-4263-AB13-4CB7EB46F0D3}.Release|Any CPU.Build.0 = Release|Any CPU
		{B0A3F790-A190-4263-AB13-4CB7EB46F0D3}.Release|x64.ActiveCfg = Release|Any CPU
		{B0A3F790-A190-4263-AB13-4CB7EB46F0D3}.Release|x64.Build.0 = Release|Any CPU
		{B0A3F790-A190-4263-AB13-4CB7EB46F0D3}.Release|x86.ActiveCfg = Release|Any CPU
		{B0A3F790-A190-4263-AB13-4CB7EB46F0D3}.Release|x86.Build.0 = Release|Any CPU
		{08FD06FB-3BE2-4C07-B57D-A90394C1F9CA}.Debug|Any CPU.ActiveCfg = Debug|Any CPU
		{08FD06FB-3BE2-4C07-B57D-A90394C1F9CA}.Debug|Any CPU.Build.0 = Debug|Any CPU
		{08FD06FB-3BE2-4C07-B57D-A90394C1F9CA}.Debug|x64.ActiveCfg = Debug|Any CPU
		{08FD06FB-3BE2-4C07-B57D-A90394C1F9CA}.Debug|x64.Build.0 = Debug|Any CPU
		{08FD06FB-3BE2-4C07-B57D-A90394C1F9CA}.Debug|x86.ActiveCfg = Debug|Any CPU
		{08FD06FB-3BE2-4C07-B57D-A90394C1F9CA}.Debug|x86.Build.0 = Debug|Any CPU
		{08FD06FB-3BE2-4C07-B57D-A90394C1F9CA}.Release|Any CPU.ActiveCfg = Release|Any CPU
		{08FD06FB-3BE2-4C07-B57D-A90394C1F9CA}.Release|Any CPU.Build.0 = Release|Any CPU
		{08FD06FB-3BE2-4C07-B57D-A90394C1F9CA}.Release|x64.ActiveCfg = Release|Any CPU
		{08FD06FB-3BE2-4C07-B57D-A90394C1F9CA}.Release|x64.Build.0 = Release|Any CPU
		{08FD06FB-3BE2-4C07-B57D-A90394C1F9CA}.Release|x86.ActiveCfg = Release|Any CPU
		{08FD06FB-3BE2-4C07-B57D-A90394C1F9CA}.Release|x86.Build.0 = Release|Any CPU
		{CD334591-94F4-4C4F-826C-C45CC638196E}.Debug|Any CPU.ActiveCfg = Debug|Any CPU
		{CD334591-94F4-4C4F-826C-C45CC638196E}.Debug|Any CPU.Build.0 = Debug|Any CPU
		{CD334591-94F4-4C4F-826C-C45CC638196E}.Debug|x64.ActiveCfg = Debug|Any CPU
		{CD334591-94F4-4C4F-826C-C45CC638196E}.Debug|x64.Build.0 = Debug|Any CPU
		{CD334591-94F4-4C4F-826C-C45CC638196E}.Debug|x86.ActiveCfg = Debug|Any CPU
		{CD334591-94F4-4C4F-826C-C45CC638196E}.Debug|x86.Build.0 = Debug|Any CPU
		{CD334591-94F4-4C4F-826C-C45CC638196E}.Release|Any CPU.ActiveCfg = Release|Any CPU
		{CD334591-94F4-4C4F-826C-C45CC638196E}.Release|Any CPU.Build.0 = Release|Any CPU
		{CD334591-94F4-4C4F-826C-C45CC638196E}.Release|x64.ActiveCfg = Release|Any CPU
		{CD334591-94F4-4C4F-826C-C45CC638196E}.Release|x64.Build.0 = Release|Any CPU
		{CD334591-94F4-4C4F-826C-C45CC638196E}.Release|x86.ActiveCfg = Release|Any CPU
		{CD334591-94F4-4C4F-826C-C45CC638196E}.Release|x86.Build.0 = Release|Any CPU
		{489549B0-D52D-4CE6-B8AA-FBB65BD586EC}.Debug|Any CPU.ActiveCfg = Debug|Any CPU
		{489549B0-D52D-4CE6-B8AA-FBB65BD586EC}.Debug|Any CPU.Build.0 = Debug|Any CPU
		{489549B0-D52D-4CE6-B8AA-FBB65BD586EC}.Debug|x64.ActiveCfg = Debug|Any CPU
		{489549B0-D52D-4CE6-B8AA-FBB65BD586EC}.Debug|x64.Build.0 = Debug|Any CPU
		{489549B0-D52D-4CE6-B8AA-FBB65BD586EC}.Debug|x86.ActiveCfg = Debug|Any CPU
		{489549B0-D52D-4CE6-B8AA-FBB65BD586EC}.Debug|x86.Build.0 = Debug|Any CPU
		{489549B0-D52D-4CE6-B8AA-FBB65BD586EC}.Release|Any CPU.ActiveCfg = Release|Any CPU
		{489549B0-D52D-4CE6-B8AA-FBB65BD586EC}.Release|Any CPU.Build.0 = Release|Any CPU
		{489549B0-D52D-4CE6-B8AA-FBB65BD586EC}.Release|x64.ActiveCfg = Release|Any CPU
		{489549B0-D52D-4CE6-B8AA-FBB65BD586EC}.Release|x64.Build.0 = Release|Any CPU
		{489549B0-D52D-4CE6-B8AA-FBB65BD586EC}.Release|x86.ActiveCfg = Release|Any CPU
		{489549B0-D52D-4CE6-B8AA-FBB65BD586EC}.Release|x86.Build.0 = Release|Any CPU
		{0EF03AC8-E6B3-490A-9C06-139163A9C8B0}.Debug|Any CPU.ActiveCfg = Debug|Any CPU
		{0EF03AC8-E6B3-490A-9C06-139163A9C8B0}.Debug|Any CPU.Build.0 = Debug|Any CPU
		{0EF03AC8-E6B3-490A-9C06-139163A9C8B0}.Debug|x64.ActiveCfg = Debug|Any CPU
		{0EF03AC8-E6B3-490A-9C06-139163A9C8B0}.Debug|x64.Build.0 = Debug|Any CPU
		{0EF03AC8-E6B3-490A-9C06-139163A9C8B0}.Debug|x86.ActiveCfg = Debug|Any CPU
		{0EF03AC8-E6B3-490A-9C06-139163A9C8B0}.Debug|x86.Build.0 = Debug|Any CPU
		{0EF03AC8-E6B3-490A-9C06-139163A9C8B0}.Release|Any CPU.ActiveCfg = Release|Any CPU
		{0EF03AC8-E6B3-490A-9C06-139163A9C8B0}.Release|Any CPU.Build.0 = Release|Any CPU
		{0EF03AC8-E6B3-490A-9C06-139163A9C8B0}.Release|x64.ActiveCfg = Release|Any CPU
		{0EF03AC8-E6B3-490A-9C06-139163A9C8B0}.Release|x64.Build.0 = Release|Any CPU
		{0EF03AC8-E6B3-490A-9C06-139163A9C8B0}.Release|x86.ActiveCfg = Release|Any CPU
		{0EF03AC8-E6B3-490A-9C06-139163A9C8B0}.Release|x86.Build.0 = Release|Any CPU
		{98E7D69E-73D2-4E6F-802F-0F55027D8617}.Debug|Any CPU.ActiveCfg = Debug|Any CPU
		{98E7D69E-73D2-4E6F-802F-0F55027D8617}.Debug|Any CPU.Build.0 = Debug|Any CPU
		{98E7D69E-73D2-4E6F-802F-0F55027D8617}.Debug|x64.ActiveCfg = Debug|Any CPU
		{98E7D69E-73D2-4E6F-802F-0F55027D8617}.Debug|x64.Build.0 = Debug|Any CPU
		{98E7D69E-73D2-4E6F-802F-0F55027D8617}.Debug|x86.ActiveCfg = Debug|Any CPU
		{98E7D69E-73D2-4E6F-802F-0F55027D8617}.Debug|x86.Build.0 = Debug|Any CPU
		{98E7D69E-73D2-4E6F-802F-0F55027D8617}.Release|Any CPU.ActiveCfg = Release|Any CPU
		{98E7D69E-73D2-4E6F-802F-0F55027D8617}.Release|Any CPU.Build.0 = Release|Any CPU
		{98E7D69E-73D2-4E6F-802F-0F55027D8617}.Release|x64.ActiveCfg = Release|Any CPU
		{98E7D69E-73D2-4E6F-802F-0F55027D8617}.Release|x64.Build.0 = Release|Any CPU
		{98E7D69E-73D2-4E6F-802F-0F55027D8617}.Release|x86.ActiveCfg = Release|Any CPU
		{98E7D69E-73D2-4E6F-802F-0F55027D8617}.Release|x86.Build.0 = Release|Any CPU
		{B12403CC-4AFF-4312-B663-66D994E4CE11}.Debug|Any CPU.ActiveCfg = Debug|Any CPU
		{B12403CC-4AFF-4312-B663-66D994E4CE11}.Debug|Any CPU.Build.0 = Debug|Any CPU
		{B12403CC-4AFF-4312-B663-66D994E4CE11}.Debug|x64.ActiveCfg = Debug|Any CPU
		{B12403CC-4AFF-4312-B663-66D994E4CE11}.Debug|x64.Build.0 = Debug|Any CPU
		{B12403CC-4AFF-4312-B663-66D994E4CE11}.Debug|x86.ActiveCfg = Debug|Any CPU
		{B12403CC-4AFF-4312-B663-66D994E4CE11}.Debug|x86.Build.0 = Debug|Any CPU
		{B12403CC-4AFF-4312-B663-66D994E4CE11}.Release|Any CPU.ActiveCfg = Release|Any CPU
		{B12403CC-4AFF-4312-B663-66D994E4CE11}.Release|Any CPU.Build.0 = Release|Any CPU
		{B12403CC-4AFF-4312-B663-66D994E4CE11}.Release|x64.ActiveCfg = Release|Any CPU
		{B12403CC-4AFF-4312-B663-66D994E4CE11}.Release|x64.Build.0 = Release|Any CPU
		{B12403CC-4AFF-4312-B663-66D994E4CE11}.Release|x86.ActiveCfg = Release|Any CPU
		{B12403CC-4AFF-4312-B663-66D994E4CE11}.Release|x86.Build.0 = Release|Any CPU
		{6A4AF6D3-26AD-4F18-A3A0-1C8025CB48AD}.Debug|Any CPU.ActiveCfg = Debug|Any CPU
		{6A4AF6D3-26AD-4F18-A3A0-1C8025CB48AD}.Debug|Any CPU.Build.0 = Debug|Any CPU
		{6A4AF6D3-26AD-4F18-A3A0-1C8025CB48AD}.Debug|x64.ActiveCfg = Debug|Any CPU
		{6A4AF6D3-26AD-4F18-A3A0-1C8025CB48AD}.Debug|x64.Build.0 = Debug|Any CPU
		{6A4AF6D3-26AD-4F18-A3A0-1C8025CB48AD}.Debug|x86.ActiveCfg = Debug|Any CPU
		{6A4AF6D3-26AD-4F18-A3A0-1C8025CB48AD}.Debug|x86.Build.0 = Debug|Any CPU
		{6A4AF6D3-26AD-4F18-A3A0-1C8025CB48AD}.Release|Any CPU.ActiveCfg = Release|Any CPU
		{6A4AF6D3-26AD-4F18-A3A0-1C8025CB48AD}.Release|Any CPU.Build.0 = Release|Any CPU
		{6A4AF6D3-26AD-4F18-A3A0-1C8025CB48AD}.Release|x64.ActiveCfg = Release|Any CPU
		{6A4AF6D3-26AD-4F18-A3A0-1C8025CB48AD}.Release|x64.Build.0 = Release|Any CPU
		{6A4AF6D3-26AD-4F18-A3A0-1C8025CB48AD}.Release|x86.ActiveCfg = Release|Any CPU
		{6A4AF6D3-26AD-4F18-A3A0-1C8025CB48AD}.Release|x86.Build.0 = Release|Any CPU
		{A96136BB-910D-4D26-A60C-46B0B17E8DD5}.Debug|Any CPU.ActiveCfg = Debug|Any CPU
		{A96136BB-910D-4D26-A60C-46B0B17E8DD5}.Debug|Any CPU.Build.0 = Debug|Any CPU
		{A96136BB-910D-4D26-A60C-46B0B17E8DD5}.Debug|x64.ActiveCfg = Debug|Any CPU
		{A96136BB-910D-4D26-A60C-46B0B17E8DD5}.Debug|x64.Build.0 = Debug|Any CPU
		{A96136BB-910D-4D26-A60C-46B0B17E8DD5}.Debug|x86.ActiveCfg = Debug|Any CPU
		{A96136BB-910D-4D26-A60C-46B0B17E8DD5}.Debug|x86.Build.0 = Debug|Any CPU
		{A96136BB-910D-4D26-A60C-46B0B17E8DD5}.Release|Any CPU.ActiveCfg = Release|Any CPU
		{A96136BB-910D-4D26-A60C-46B0B17E8DD5}.Release|Any CPU.Build.0 = Release|Any CPU
		{A96136BB-910D-4D26-A60C-46B0B17E8DD5}.Release|x64.ActiveCfg = Release|Any CPU
		{A96136BB-910D-4D26-A60C-46B0B17E8DD5}.Release|x64.Build.0 = Release|Any CPU
		{A96136BB-910D-4D26-A60C-46B0B17E8DD5}.Release|x86.ActiveCfg = Release|Any CPU
		{A96136BB-910D-4D26-A60C-46B0B17E8DD5}.Release|x86.Build.0 = Release|Any CPU
		{7428EF92-EC3D-42CF-93F3-7325E5491366}.Debug|Any CPU.ActiveCfg = Debug|Any CPU
		{7428EF92-EC3D-42CF-93F3-7325E5491366}.Debug|Any CPU.Build.0 = Debug|Any CPU
		{7428EF92-EC3D-42CF-93F3-7325E5491366}.Debug|x64.ActiveCfg = Debug|Any CPU
		{7428EF92-EC3D-42CF-93F3-7325E5491366}.Debug|x64.Build.0 = Debug|Any CPU
		{7428EF92-EC3D-42CF-93F3-7325E5491366}.Debug|x86.ActiveCfg = Debug|Any CPU
		{7428EF92-EC3D-42CF-93F3-7325E5491366}.Debug|x86.Build.0 = Debug|Any CPU
		{7428EF92-EC3D-42CF-93F3-7325E5491366}.Release|Any CPU.ActiveCfg = Release|Any CPU
		{7428EF92-EC3D-42CF-93F3-7325E5491366}.Release|Any CPU.Build.0 = Release|Any CPU
		{7428EF92-EC3D-42CF-93F3-7325E5491366}.Release|x64.ActiveCfg = Release|Any CPU
		{7428EF92-EC3D-42CF-93F3-7325E5491366}.Release|x64.Build.0 = Release|Any CPU
		{7428EF92-EC3D-42CF-93F3-7325E5491366}.Release|x86.ActiveCfg = Release|Any CPU
		{7428EF92-EC3D-42CF-93F3-7325E5491366}.Release|x86.Build.0 = Release|Any CPU
		{F276FE90-DDEA-412D-8A6E-EDEA300377B9}.Debug|Any CPU.ActiveCfg = Debug|Any CPU
		{F276FE90-DDEA-412D-8A6E-EDEA300377B9}.Debug|Any CPU.Build.0 = Debug|Any CPU
		{F276FE90-DDEA-412D-8A6E-EDEA300377B9}.Debug|x64.ActiveCfg = Debug|Any CPU
		{F276FE90-DDEA-412D-8A6E-EDEA300377B9}.Debug|x64.Build.0 = Debug|Any CPU
		{F276FE90-DDEA-412D-8A6E-EDEA300377B9}.Debug|x86.ActiveCfg = Debug|Any CPU
		{F276FE90-DDEA-412D-8A6E-EDEA300377B9}.Debug|x86.Build.0 = Debug|Any CPU
		{F276FE90-DDEA-412D-8A6E-EDEA300377B9}.Release|Any CPU.ActiveCfg = Release|Any CPU
		{F276FE90-DDEA-412D-8A6E-EDEA300377B9}.Release|Any CPU.Build.0 = Release|Any CPU
		{F276FE90-DDEA-412D-8A6E-EDEA300377B9}.Release|x64.ActiveCfg = Release|Any CPU
		{F276FE90-DDEA-412D-8A6E-EDEA300377B9}.Release|x64.Build.0 = Release|Any CPU
		{F276FE90-DDEA-412D-8A6E-EDEA300377B9}.Release|x86.ActiveCfg = Release|Any CPU
		{F276FE90-DDEA-412D-8A6E-EDEA300377B9}.Release|x86.Build.0 = Release|Any CPU
		{6E6A132A-649D-489E-B586-C538F8F0FF08}.Debug|Any CPU.ActiveCfg = Debug|Any CPU
		{6E6A132A-649D-489E-B586-C538F8F0FF08}.Debug|Any CPU.Build.0 = Debug|Any CPU
		{6E6A132A-649D-489E-B586-C538F8F0FF08}.Debug|x64.ActiveCfg = Debug|Any CPU
		{6E6A132A-649D-489E-B586-C538F8F0FF08}.Debug|x64.Build.0 = Debug|Any CPU
		{6E6A132A-649D-489E-B586-C538F8F0FF08}.Debug|x86.ActiveCfg = Debug|Any CPU
		{6E6A132A-649D-489E-B586-C538F8F0FF08}.Debug|x86.Build.0 = Debug|Any CPU
		{6E6A132A-649D-489E-B586-C538F8F0FF08}.Release|Any CPU.ActiveCfg = Release|Any CPU
		{6E6A132A-649D-489E-B586-C538F8F0FF08}.Release|Any CPU.Build.0 = Release|Any CPU
		{6E6A132A-649D-489E-B586-C538F8F0FF08}.Release|x64.ActiveCfg = Release|Any CPU
		{6E6A132A-649D-489E-B586-C538F8F0FF08}.Release|x64.Build.0 = Release|Any CPU
		{6E6A132A-649D-489E-B586-C538F8F0FF08}.Release|x86.ActiveCfg = Release|Any CPU
		{6E6A132A-649D-489E-B586-C538F8F0FF08}.Release|x86.Build.0 = Release|Any CPU
		{8154F659-583B-4980-85ED-F9729A2CE2C6}.Debug|Any CPU.ActiveCfg = Debug|Any CPU
		{8154F659-583B-4980-85ED-F9729A2CE2C6}.Debug|Any CPU.Build.0 = Debug|Any CPU
		{8154F659-583B-4980-85ED-F9729A2CE2C6}.Debug|x64.ActiveCfg = Debug|Any CPU
		{8154F659-583B-4980-85ED-F9729A2CE2C6}.Debug|x64.Build.0 = Debug|Any CPU
		{8154F659-583B-4980-85ED-F9729A2CE2C6}.Debug|x86.ActiveCfg = Debug|Any CPU
		{8154F659-583B-4980-85ED-F9729A2CE2C6}.Debug|x86.Build.0 = Debug|Any CPU
		{8154F659-583B-4980-85ED-F9729A2CE2C6}.Release|Any CPU.ActiveCfg = Release|Any CPU
		{8154F659-583B-4980-85ED-F9729A2CE2C6}.Release|Any CPU.Build.0 = Release|Any CPU
		{8154F659-583B-4980-85ED-F9729A2CE2C6}.Release|x64.ActiveCfg = Release|Any CPU
		{8154F659-583B-4980-85ED-F9729A2CE2C6}.Release|x64.Build.0 = Release|Any CPU
		{8154F659-583B-4980-85ED-F9729A2CE2C6}.Release|x86.ActiveCfg = Release|Any CPU
		{8154F659-583B-4980-85ED-F9729A2CE2C6}.Release|x86.Build.0 = Release|Any CPU
		{4204F5A9-2C65-4725-B68C-C4690188F245}.Debug|Any CPU.ActiveCfg = Debug|Any CPU
		{4204F5A9-2C65-4725-B68C-C4690188F245}.Debug|Any CPU.Build.0 = Debug|Any CPU
		{4204F5A9-2C65-4725-B68C-C4690188F245}.Debug|x64.ActiveCfg = Debug|Any CPU
		{4204F5A9-2C65-4725-B68C-C4690188F245}.Debug|x64.Build.0 = Debug|Any CPU
		{4204F5A9-2C65-4725-B68C-C4690188F245}.Debug|x86.ActiveCfg = Debug|Any CPU
		{4204F5A9-2C65-4725-B68C-C4690188F245}.Debug|x86.Build.0 = Debug|Any CPU
		{4204F5A9-2C65-4725-B68C-C4690188F245}.Release|Any CPU.ActiveCfg = Release|Any CPU
		{4204F5A9-2C65-4725-B68C-C4690188F245}.Release|Any CPU.Build.0 = Release|Any CPU
		{4204F5A9-2C65-4725-B68C-C4690188F245}.Release|x64.ActiveCfg = Release|Any CPU
		{4204F5A9-2C65-4725-B68C-C4690188F245}.Release|x64.Build.0 = Release|Any CPU
		{4204F5A9-2C65-4725-B68C-C4690188F245}.Release|x86.ActiveCfg = Release|Any CPU
		{4204F5A9-2C65-4725-B68C-C4690188F245}.Release|x86.Build.0 = Release|Any CPU
		{B3699593-0766-4FEB-B09E-75F2F3D97ADD}.Debug|Any CPU.ActiveCfg = Debug|Any CPU
		{B3699593-0766-4FEB-B09E-75F2F3D97ADD}.Debug|Any CPU.Build.0 = Debug|Any CPU
		{B3699593-0766-4FEB-B09E-75F2F3D97ADD}.Debug|x64.ActiveCfg = Debug|Any CPU
		{B3699593-0766-4FEB-B09E-75F2F3D97ADD}.Debug|x64.Build.0 = Debug|Any CPU
		{B3699593-0766-4FEB-B09E-75F2F3D97ADD}.Debug|x86.ActiveCfg = Debug|Any CPU
		{B3699593-0766-4FEB-B09E-75F2F3D97ADD}.Debug|x86.Build.0 = Debug|Any CPU
		{B3699593-0766-4FEB-B09E-75F2F3D97ADD}.Release|Any CPU.ActiveCfg = Release|Any CPU
		{B3699593-0766-4FEB-B09E-75F2F3D97ADD}.Release|Any CPU.Build.0 = Release|Any CPU
		{B3699593-0766-4FEB-B09E-75F2F3D97ADD}.Release|x64.ActiveCfg = Release|Any CPU
		{B3699593-0766-4FEB-B09E-75F2F3D97ADD}.Release|x64.Build.0 = Release|Any CPU
		{B3699593-0766-4FEB-B09E-75F2F3D97ADD}.Release|x86.ActiveCfg = Release|Any CPU
		{B3699593-0766-4FEB-B09E-75F2F3D97ADD}.Release|x86.Build.0 = Release|Any CPU
		{C6447BEA-6BB0-4E11-91CD-2FC7534A3722}.Debug|Any CPU.ActiveCfg = Debug|Any CPU
		{C6447BEA-6BB0-4E11-91CD-2FC7534A3722}.Debug|Any CPU.Build.0 = Debug|Any CPU
		{C6447BEA-6BB0-4E11-91CD-2FC7534A3722}.Debug|x64.ActiveCfg = Debug|Any CPU
		{C6447BEA-6BB0-4E11-91CD-2FC7534A3722}.Debug|x64.Build.0 = Debug|Any CPU
		{C6447BEA-6BB0-4E11-91CD-2FC7534A3722}.Debug|x86.ActiveCfg = Debug|Any CPU
		{C6447BEA-6BB0-4E11-91CD-2FC7534A3722}.Debug|x86.Build.0 = Debug|Any CPU
		{C6447BEA-6BB0-4E11-91CD-2FC7534A3722}.Release|Any CPU.ActiveCfg = Release|Any CPU
		{C6447BEA-6BB0-4E11-91CD-2FC7534A3722}.Release|Any CPU.Build.0 = Release|Any CPU
		{C6447BEA-6BB0-4E11-91CD-2FC7534A3722}.Release|x64.ActiveCfg = Release|Any CPU
		{C6447BEA-6BB0-4E11-91CD-2FC7534A3722}.Release|x64.Build.0 = Release|Any CPU
		{C6447BEA-6BB0-4E11-91CD-2FC7534A3722}.Release|x86.ActiveCfg = Release|Any CPU
		{C6447BEA-6BB0-4E11-91CD-2FC7534A3722}.Release|x86.Build.0 = Release|Any CPU
		{D480590A-9B49-4571-AC3B-8369A8DA204E}.Debug|Any CPU.ActiveCfg = Debug|Any CPU
		{D480590A-9B49-4571-AC3B-8369A8DA204E}.Debug|Any CPU.Build.0 = Debug|Any CPU
		{D480590A-9B49-4571-AC3B-8369A8DA204E}.Debug|x64.ActiveCfg = Debug|Any CPU
		{D480590A-9B49-4571-AC3B-8369A8DA204E}.Debug|x64.Build.0 = Debug|Any CPU
		{D480590A-9B49-4571-AC3B-8369A8DA204E}.Debug|x86.ActiveCfg = Debug|Any CPU
		{D480590A-9B49-4571-AC3B-8369A8DA204E}.Debug|x86.Build.0 = Debug|Any CPU
		{D480590A-9B49-4571-AC3B-8369A8DA204E}.Release|Any CPU.ActiveCfg = Release|Any CPU
		{D480590A-9B49-4571-AC3B-8369A8DA204E}.Release|Any CPU.Build.0 = Release|Any CPU
		{D480590A-9B49-4571-AC3B-8369A8DA204E}.Release|x64.ActiveCfg = Release|Any CPU
		{D480590A-9B49-4571-AC3B-8369A8DA204E}.Release|x64.Build.0 = Release|Any CPU
		{D480590A-9B49-4571-AC3B-8369A8DA204E}.Release|x86.ActiveCfg = Release|Any CPU
		{D480590A-9B49-4571-AC3B-8369A8DA204E}.Release|x86.Build.0 = Release|Any CPU
		{F4BB3EB3-1B6D-4AF9-A21D-B4CA520018BD}.Debug|Any CPU.ActiveCfg = Debug|Any CPU
		{F4BB3EB3-1B6D-4AF9-A21D-B4CA520018BD}.Debug|Any CPU.Build.0 = Debug|Any CPU
		{F4BB3EB3-1B6D-4AF9-A21D-B4CA520018BD}.Debug|x64.ActiveCfg = Debug|Any CPU
		{F4BB3EB3-1B6D-4AF9-A21D-B4CA520018BD}.Debug|x64.Build.0 = Debug|Any CPU
		{F4BB3EB3-1B6D-4AF9-A21D-B4CA520018BD}.Debug|x86.ActiveCfg = Debug|Any CPU
		{F4BB3EB3-1B6D-4AF9-A21D-B4CA520018BD}.Debug|x86.Build.0 = Debug|Any CPU
		{F4BB3EB3-1B6D-4AF9-A21D-B4CA520018BD}.Release|Any CPU.ActiveCfg = Release|Any CPU
		{F4BB3EB3-1B6D-4AF9-A21D-B4CA520018BD}.Release|Any CPU.Build.0 = Release|Any CPU
		{F4BB3EB3-1B6D-4AF9-A21D-B4CA520018BD}.Release|x64.ActiveCfg = Release|Any CPU
		{F4BB3EB3-1B6D-4AF9-A21D-B4CA520018BD}.Release|x64.Build.0 = Release|Any CPU
		{F4BB3EB3-1B6D-4AF9-A21D-B4CA520018BD}.Release|x86.ActiveCfg = Release|Any CPU
		{F4BB3EB3-1B6D-4AF9-A21D-B4CA520018BD}.Release|x86.Build.0 = Release|Any CPU
		{3C714120-5DF5-420B-AE6E-ECCAB9611228}.Debug|Any CPU.ActiveCfg = Debug|Any CPU
		{3C714120-5DF5-420B-AE6E-ECCAB9611228}.Debug|Any CPU.Build.0 = Debug|Any CPU
		{3C714120-5DF5-420B-AE6E-ECCAB9611228}.Debug|x64.ActiveCfg = Debug|Any CPU
		{3C714120-5DF5-420B-AE6E-ECCAB9611228}.Debug|x64.Build.0 = Debug|Any CPU
		{3C714120-5DF5-420B-AE6E-ECCAB9611228}.Debug|x86.ActiveCfg = Debug|Any CPU
		{3C714120-5DF5-420B-AE6E-ECCAB9611228}.Debug|x86.Build.0 = Debug|Any CPU
		{3C714120-5DF5-420B-AE6E-ECCAB9611228}.Release|Any CPU.ActiveCfg = Release|Any CPU
		{3C714120-5DF5-420B-AE6E-ECCAB9611228}.Release|Any CPU.Build.0 = Release|Any CPU
		{3C714120-5DF5-420B-AE6E-ECCAB9611228}.Release|x64.ActiveCfg = Release|Any CPU
		{3C714120-5DF5-420B-AE6E-ECCAB9611228}.Release|x64.Build.0 = Release|Any CPU
		{3C714120-5DF5-420B-AE6E-ECCAB9611228}.Release|x86.ActiveCfg = Release|Any CPU
		{3C714120-5DF5-420B-AE6E-ECCAB9611228}.Release|x86.Build.0 = Release|Any CPU
		{1FA13513-604F-425D-9C39-C892DB41B81E}.Debug|Any CPU.ActiveCfg = Debug|Any CPU
		{1FA13513-604F-425D-9C39-C892DB41B81E}.Debug|Any CPU.Build.0 = Debug|Any CPU
		{1FA13513-604F-425D-9C39-C892DB41B81E}.Debug|x64.ActiveCfg = Debug|Any CPU
		{1FA13513-604F-425D-9C39-C892DB41B81E}.Debug|x64.Build.0 = Debug|Any CPU
		{1FA13513-604F-425D-9C39-C892DB41B81E}.Debug|x86.ActiveCfg = Debug|Any CPU
		{1FA13513-604F-425D-9C39-C892DB41B81E}.Debug|x86.Build.0 = Debug|Any CPU
		{1FA13513-604F-425D-9C39-C892DB41B81E}.Release|Any CPU.ActiveCfg = Release|Any CPU
		{1FA13513-604F-425D-9C39-C892DB41B81E}.Release|Any CPU.Build.0 = Release|Any CPU
		{1FA13513-604F-425D-9C39-C892DB41B81E}.Release|x64.ActiveCfg = Release|Any CPU
		{1FA13513-604F-425D-9C39-C892DB41B81E}.Release|x64.Build.0 = Release|Any CPU
		{1FA13513-604F-425D-9C39-C892DB41B81E}.Release|x86.ActiveCfg = Release|Any CPU
		{1FA13513-604F-425D-9C39-C892DB41B81E}.Release|x86.Build.0 = Release|Any CPU
		{528F11AE-F4DE-43E2-B0CB-B4B91776A730}.Debug|Any CPU.ActiveCfg = Debug|Any CPU
		{528F11AE-F4DE-43E2-B0CB-B4B91776A730}.Debug|Any CPU.Build.0 = Debug|Any CPU
		{528F11AE-F4DE-43E2-B0CB-B4B91776A730}.Debug|x64.ActiveCfg = Debug|Any CPU
		{528F11AE-F4DE-43E2-B0CB-B4B91776A730}.Debug|x64.Build.0 = Debug|Any CPU
		{528F11AE-F4DE-43E2-B0CB-B4B91776A730}.Debug|x86.ActiveCfg = Debug|Any CPU
		{528F11AE-F4DE-43E2-B0CB-B4B91776A730}.Debug|x86.Build.0 = Debug|Any CPU
		{528F11AE-F4DE-43E2-B0CB-B4B91776A730}.Release|Any CPU.ActiveCfg = Release|Any CPU
		{528F11AE-F4DE-43E2-B0CB-B4B91776A730}.Release|Any CPU.Build.0 = Release|Any CPU
		{528F11AE-F4DE-43E2-B0CB-B4B91776A730}.Release|x64.ActiveCfg = Release|Any CPU
		{528F11AE-F4DE-43E2-B0CB-B4B91776A730}.Release|x64.Build.0 = Release|Any CPU
		{528F11AE-F4DE-43E2-B0CB-B4B91776A730}.Release|x86.ActiveCfg = Release|Any CPU
		{528F11AE-F4DE-43E2-B0CB-B4B91776A730}.Release|x86.Build.0 = Release|Any CPU
		{118D4D05-9012-44FB-AF27-B0829E7C098D}.Debug|Any CPU.ActiveCfg = Debug|Any CPU
		{118D4D05-9012-44FB-AF27-B0829E7C098D}.Debug|Any CPU.Build.0 = Debug|Any CPU
		{118D4D05-9012-44FB-AF27-B0829E7C098D}.Debug|x64.ActiveCfg = Debug|Any CPU
		{118D4D05-9012-44FB-AF27-B0829E7C098D}.Debug|x64.Build.0 = Debug|Any CPU
		{118D4D05-9012-44FB-AF27-B0829E7C098D}.Debug|x86.ActiveCfg = Debug|Any CPU
		{118D4D05-9012-44FB-AF27-B0829E7C098D}.Debug|x86.Build.0 = Debug|Any CPU
		{118D4D05-9012-44FB-AF27-B0829E7C098D}.Release|Any CPU.ActiveCfg = Release|Any CPU
		{118D4D05-9012-44FB-AF27-B0829E7C098D}.Release|Any CPU.Build.0 = Release|Any CPU
		{118D4D05-9012-44FB-AF27-B0829E7C098D}.Release|x64.ActiveCfg = Release|Any CPU
		{118D4D05-9012-44FB-AF27-B0829E7C098D}.Release|x64.Build.0 = Release|Any CPU
		{118D4D05-9012-44FB-AF27-B0829E7C098D}.Release|x86.ActiveCfg = Release|Any CPU
		{118D4D05-9012-44FB-AF27-B0829E7C098D}.Release|x86.Build.0 = Release|Any CPU
		{7BE246E7-DEB0-4ACA-9C6F-227FCC78CB0A}.Debug|Any CPU.ActiveCfg = Debug|Any CPU
		{7BE246E7-DEB0-4ACA-9C6F-227FCC78CB0A}.Debug|Any CPU.Build.0 = Debug|Any CPU
		{7BE246E7-DEB0-4ACA-9C6F-227FCC78CB0A}.Debug|x64.ActiveCfg = Debug|Any CPU
		{7BE246E7-DEB0-4ACA-9C6F-227FCC78CB0A}.Debug|x64.Build.0 = Debug|Any CPU
		{7BE246E7-DEB0-4ACA-9C6F-227FCC78CB0A}.Debug|x86.ActiveCfg = Debug|Any CPU
		{7BE246E7-DEB0-4ACA-9C6F-227FCC78CB0A}.Debug|x86.Build.0 = Debug|Any CPU
		{7BE246E7-DEB0-4ACA-9C6F-227FCC78CB0A}.Release|Any CPU.ActiveCfg = Release|Any CPU
		{7BE246E7-DEB0-4ACA-9C6F-227FCC78CB0A}.Release|Any CPU.Build.0 = Release|Any CPU
		{7BE246E7-DEB0-4ACA-9C6F-227FCC78CB0A}.Release|x64.ActiveCfg = Release|Any CPU
		{7BE246E7-DEB0-4ACA-9C6F-227FCC78CB0A}.Release|x64.Build.0 = Release|Any CPU
		{7BE246E7-DEB0-4ACA-9C6F-227FCC78CB0A}.Release|x86.ActiveCfg = Release|Any CPU
		{7BE246E7-DEB0-4ACA-9C6F-227FCC78CB0A}.Release|x86.Build.0 = Release|Any CPU
		{3B5222FF-967B-4247-A95D-76CDFEF213C8}.Debug|Any CPU.ActiveCfg = Debug|Any CPU
		{3B5222FF-967B-4247-A95D-76CDFEF213C8}.Debug|Any CPU.Build.0 = Debug|Any CPU
		{3B5222FF-967B-4247-A95D-76CDFEF213C8}.Debug|x64.ActiveCfg = Debug|Any CPU
		{3B5222FF-967B-4247-A95D-76CDFEF213C8}.Debug|x64.Build.0 = Debug|Any CPU
		{3B5222FF-967B-4247-A95D-76CDFEF213C8}.Debug|x86.ActiveCfg = Debug|Any CPU
		{3B5222FF-967B-4247-A95D-76CDFEF213C8}.Debug|x86.Build.0 = Debug|Any CPU
		{3B5222FF-967B-4247-A95D-76CDFEF213C8}.Release|Any CPU.ActiveCfg = Release|Any CPU
		{3B5222FF-967B-4247-A95D-76CDFEF213C8}.Release|Any CPU.Build.0 = Release|Any CPU
		{3B5222FF-967B-4247-A95D-76CDFEF213C8}.Release|x64.ActiveCfg = Release|Any CPU
		{3B5222FF-967B-4247-A95D-76CDFEF213C8}.Release|x64.Build.0 = Release|Any CPU
		{3B5222FF-967B-4247-A95D-76CDFEF213C8}.Release|x86.ActiveCfg = Release|Any CPU
		{3B5222FF-967B-4247-A95D-76CDFEF213C8}.Release|x86.Build.0 = Release|Any CPU
		{BB5421FC-5925-412B-97A1-1AEC69297FD9}.Debug|Any CPU.ActiveCfg = Debug|Any CPU
		{BB5421FC-5925-412B-97A1-1AEC69297FD9}.Debug|Any CPU.Build.0 = Debug|Any CPU
		{BB5421FC-5925-412B-97A1-1AEC69297FD9}.Debug|x64.ActiveCfg = Debug|Any CPU
		{BB5421FC-5925-412B-97A1-1AEC69297FD9}.Debug|x64.Build.0 = Debug|Any CPU
		{BB5421FC-5925-412B-97A1-1AEC69297FD9}.Debug|x86.ActiveCfg = Debug|Any CPU
		{BB5421FC-5925-412B-97A1-1AEC69297FD9}.Debug|x86.Build.0 = Debug|Any CPU
		{BB5421FC-5925-412B-97A1-1AEC69297FD9}.Release|Any CPU.ActiveCfg = Release|Any CPU
		{BB5421FC-5925-412B-97A1-1AEC69297FD9}.Release|Any CPU.Build.0 = Release|Any CPU
		{BB5421FC-5925-412B-97A1-1AEC69297FD9}.Release|x64.ActiveCfg = Release|Any CPU
		{BB5421FC-5925-412B-97A1-1AEC69297FD9}.Release|x64.Build.0 = Release|Any CPU
		{BB5421FC-5925-412B-97A1-1AEC69297FD9}.Release|x86.ActiveCfg = Release|Any CPU
		{BB5421FC-5925-412B-97A1-1AEC69297FD9}.Release|x86.Build.0 = Release|Any CPU
		{FBAAC858-5AC9-4B0E-AE9D-EF08876D2FBC}.Debug|Any CPU.ActiveCfg = Debug|Any CPU
		{FBAAC858-5AC9-4B0E-AE9D-EF08876D2FBC}.Debug|Any CPU.Build.0 = Debug|Any CPU
		{FBAAC858-5AC9-4B0E-AE9D-EF08876D2FBC}.Debug|x64.ActiveCfg = Debug|Any CPU
		{FBAAC858-5AC9-4B0E-AE9D-EF08876D2FBC}.Debug|x64.Build.0 = Debug|Any CPU
		{FBAAC858-5AC9-4B0E-AE9D-EF08876D2FBC}.Debug|x86.ActiveCfg = Debug|Any CPU
		{FBAAC858-5AC9-4B0E-AE9D-EF08876D2FBC}.Debug|x86.Build.0 = Debug|Any CPU
		{FBAAC858-5AC9-4B0E-AE9D-EF08876D2FBC}.Release|Any CPU.ActiveCfg = Release|Any CPU
		{FBAAC858-5AC9-4B0E-AE9D-EF08876D2FBC}.Release|Any CPU.Build.0 = Release|Any CPU
		{FBAAC858-5AC9-4B0E-AE9D-EF08876D2FBC}.Release|x64.ActiveCfg = Release|Any CPU
		{FBAAC858-5AC9-4B0E-AE9D-EF08876D2FBC}.Release|x64.Build.0 = Release|Any CPU
		{FBAAC858-5AC9-4B0E-AE9D-EF08876D2FBC}.Release|x86.ActiveCfg = Release|Any CPU
		{FBAAC858-5AC9-4B0E-AE9D-EF08876D2FBC}.Release|x86.Build.0 = Release|Any CPU
		{59FF98E7-FE84-4323-B8E9-0E0607C4C2C8}.Debug|Any CPU.ActiveCfg = Debug|Any CPU
		{59FF98E7-FE84-4323-B8E9-0E0607C4C2C8}.Debug|Any CPU.Build.0 = Debug|Any CPU
		{59FF98E7-FE84-4323-B8E9-0E0607C4C2C8}.Debug|x64.ActiveCfg = Debug|Any CPU
		{59FF98E7-FE84-4323-B8E9-0E0607C4C2C8}.Debug|x64.Build.0 = Debug|Any CPU
		{59FF98E7-FE84-4323-B8E9-0E0607C4C2C8}.Debug|x86.ActiveCfg = Debug|Any CPU
		{59FF98E7-FE84-4323-B8E9-0E0607C4C2C8}.Debug|x86.Build.0 = Debug|Any CPU
		{59FF98E7-FE84-4323-B8E9-0E0607C4C2C8}.Release|Any CPU.ActiveCfg = Release|Any CPU
		{59FF98E7-FE84-4323-B8E9-0E0607C4C2C8}.Release|Any CPU.Build.0 = Release|Any CPU
		{59FF98E7-FE84-4323-B8E9-0E0607C4C2C8}.Release|x64.ActiveCfg = Release|Any CPU
		{59FF98E7-FE84-4323-B8E9-0E0607C4C2C8}.Release|x64.Build.0 = Release|Any CPU
		{59FF98E7-FE84-4323-B8E9-0E0607C4C2C8}.Release|x86.ActiveCfg = Release|Any CPU
		{59FF98E7-FE84-4323-B8E9-0E0607C4C2C8}.Release|x86.Build.0 = Release|Any CPU
		{ED7AE6A2-2629-4156-A2B5-0D0623231CB9}.Debug|Any CPU.ActiveCfg = Debug|Any CPU
		{ED7AE6A2-2629-4156-A2B5-0D0623231CB9}.Debug|Any CPU.Build.0 = Debug|Any CPU
		{ED7AE6A2-2629-4156-A2B5-0D0623231CB9}.Debug|x64.ActiveCfg = Debug|Any CPU
		{ED7AE6A2-2629-4156-A2B5-0D0623231CB9}.Debug|x64.Build.0 = Debug|Any CPU
		{ED7AE6A2-2629-4156-A2B5-0D0623231CB9}.Debug|x86.ActiveCfg = Debug|Any CPU
		{ED7AE6A2-2629-4156-A2B5-0D0623231CB9}.Debug|x86.Build.0 = Debug|Any CPU
		{ED7AE6A2-2629-4156-A2B5-0D0623231CB9}.Release|Any CPU.ActiveCfg = Release|Any CPU
		{ED7AE6A2-2629-4156-A2B5-0D0623231CB9}.Release|Any CPU.Build.0 = Release|Any CPU
		{ED7AE6A2-2629-4156-A2B5-0D0623231CB9}.Release|x64.ActiveCfg = Release|Any CPU
		{ED7AE6A2-2629-4156-A2B5-0D0623231CB9}.Release|x64.Build.0 = Release|Any CPU
		{ED7AE6A2-2629-4156-A2B5-0D0623231CB9}.Release|x86.ActiveCfg = Release|Any CPU
		{ED7AE6A2-2629-4156-A2B5-0D0623231CB9}.Release|x86.Build.0 = Release|Any CPU
		{BA033661-D1EE-4E25-98BA-34023449E15B}.Debug|Any CPU.ActiveCfg = Debug|Any CPU
		{BA033661-D1EE-4E25-98BA-34023449E15B}.Debug|Any CPU.Build.0 = Debug|Any CPU
		{BA033661-D1EE-4E25-98BA-34023449E15B}.Debug|x64.ActiveCfg = Debug|Any CPU
		{BA033661-D1EE-4E25-98BA-34023449E15B}.Debug|x64.Build.0 = Debug|Any CPU
		{BA033661-D1EE-4E25-98BA-34023449E15B}.Debug|x86.ActiveCfg = Debug|Any CPU
		{BA033661-D1EE-4E25-98BA-34023449E15B}.Debug|x86.Build.0 = Debug|Any CPU
		{BA033661-D1EE-4E25-98BA-34023449E15B}.Release|Any CPU.ActiveCfg = Release|Any CPU
		{BA033661-D1EE-4E25-98BA-34023449E15B}.Release|Any CPU.Build.0 = Release|Any CPU
		{BA033661-D1EE-4E25-98BA-34023449E15B}.Release|x64.ActiveCfg = Release|Any CPU
		{BA033661-D1EE-4E25-98BA-34023449E15B}.Release|x64.Build.0 = Release|Any CPU
		{BA033661-D1EE-4E25-98BA-34023449E15B}.Release|x86.ActiveCfg = Release|Any CPU
		{BA033661-D1EE-4E25-98BA-34023449E15B}.Release|x86.Build.0 = Release|Any CPU
	EndGlobalSection
	GlobalSection(SolutionProperties) = preSolution
		HideSolutionNode = FALSE
	EndGlobalSection
	GlobalSection(NestedProjects) = preSolution
		{9E78C4E5-5DAE-4A86-B5FD-3ADD087A02C5} = {1C4CA5C1-79E1-410C-9ADF-D7802D8E2E75}
		{9EF632AC-C86F-6551-7620-C946B3CD55DE} = {1C4CA5C1-79E1-410C-9ADF-D7802D8E2E75}
		{DA538144-72E7-4D1D-B888-17678B055250} = {9EF632AC-C86F-6551-7620-C946B3CD55DE}
		{AF24E087-B34A-480A-8854-0A7CDB10FDEE} = {9EF632AC-C86F-6551-7620-C946B3CD55DE}
		{B0A3F790-A190-4263-AB13-4CB7EB46F0D3} = {9EF632AC-C86F-6551-7620-C946B3CD55DE}
		{08FD06FB-3BE2-4C07-B57D-A90394C1F9CA} = {9EF632AC-C86F-6551-7620-C946B3CD55DE}
		{2C8DBD0F-46D9-D3BE-1ED6-94D74079D05D} = {0AB3BF05-4346-4AA6-1389-037BE0695223}
		{CD334591-94F4-4C4F-826C-C45CC638196E} = {2C8DBD0F-46D9-D3BE-1ED6-94D74079D05D}
		{489549B0-D52D-4CE6-B8AA-FBB65BD586EC} = {2C8DBD0F-46D9-D3BE-1ED6-94D74079D05D}
		{0EF03AC8-E6B3-490A-9C06-139163A9C8B0} = {2C8DBD0F-46D9-D3BE-1ED6-94D74079D05D}
		{98E7D69E-73D2-4E6F-802F-0F55027D8617} = {2C8DBD0F-46D9-D3BE-1ED6-94D74079D05D}
		{B12403CC-4AFF-4312-B663-66D994E4CE11} = {1C4CA5C1-79E1-410C-9ADF-D7802D8E2E75}
		{6A4AF6D3-26AD-4F18-A3A0-1C8025CB48AD} = {1C4CA5C1-79E1-410C-9ADF-D7802D8E2E75}
		{4A7278BF-A8F4-A173-572A-ABB985D30FD7} = {1C4CA5C1-79E1-410C-9ADF-D7802D8E2E75}
		{A96136BB-910D-4D26-A60C-46B0B17E8DD5} = {4A7278BF-A8F4-A173-572A-ABB985D30FD7}
		{7428EF92-EC3D-42CF-93F3-7325E5491366} = {4A7278BF-A8F4-A173-572A-ABB985D30FD7}
		{F276FE90-DDEA-412D-8A6E-EDEA300377B9} = {4A7278BF-A8F4-A173-572A-ABB985D30FD7}
		{6E6A132A-649D-489E-B586-C538F8F0FF08} = {4A7278BF-A8F4-A173-572A-ABB985D30FD7}
		{6AC765BE-60F4-885B-6756-55004CA8460E} = {1C4CA5C1-79E1-410C-9ADF-D7802D8E2E75}
		{8154F659-583B-4980-85ED-F9729A2CE2C6} = {6AC765BE-60F4-885B-6756-55004CA8460E}
		{4204F5A9-2C65-4725-B68C-C4690188F245} = {6AC765BE-60F4-885B-6756-55004CA8460E}
		{B3699593-0766-4FEB-B09E-75F2F3D97ADD} = {6AC765BE-60F4-885B-6756-55004CA8460E}
		{C6447BEA-6BB0-4E11-91CD-2FC7534A3722} = {6AC765BE-60F4-885B-6756-55004CA8460E}
		{22D19037-DDB4-F43F-1A25-1B2D3C64480B} = {1C4CA5C1-79E1-410C-9ADF-D7802D8E2E75}
		{D480590A-9B49-4571-AC3B-8369A8DA204E} = {22D19037-DDB4-F43F-1A25-1B2D3C64480B}
		{F4BB3EB3-1B6D-4AF9-A21D-B4CA520018BD} = {22D19037-DDB4-F43F-1A25-1B2D3C64480B}
		{3C714120-5DF5-420B-AE6E-ECCAB9611228} = {22D19037-DDB4-F43F-1A25-1B2D3C64480B}
		{1FA13513-604F-425D-9C39-C892DB41B81E} = {22D19037-DDB4-F43F-1A25-1B2D3C64480B}
		{DA5DE924-0BB9-F642-6340-332DDA637FE7} = {1C4CA5C1-79E1-410C-9ADF-D7802D8E2E75}
		{528F11AE-F4DE-43E2-B0CB-B4B91776A730} = {DA5DE924-0BB9-F642-6340-332DDA637FE7}
		{118D4D05-9012-44FB-AF27-B0829E7C098D} = {DA5DE924-0BB9-F642-6340-332DDA637FE7}
		{7BE246E7-DEB0-4ACA-9C6F-227FCC78CB0A} = {DA5DE924-0BB9-F642-6340-332DDA637FE7}
		{3B5222FF-967B-4247-A95D-76CDFEF213C8} = {DA5DE924-0BB9-F642-6340-332DDA637FE7}
		{EDF9C86A-6EDC-45EB-94A4-7444934EA230} = {0AB3BF05-4346-4AA6-1389-037BE0695223}
		{BB5421FC-5925-412B-97A1-1AEC69297FD9} = {EDF9C86A-6EDC-45EB-94A4-7444934EA230}
		{FBAAC858-5AC9-4B0E-AE9D-EF08876D2FBC} = {EDF9C86A-6EDC-45EB-94A4-7444934EA230}
		{98BC81FC-D7B3-4F6A-8CF7-D4AFAFBB7965} = {0AB3BF05-4346-4AA6-1389-037BE0695223}
		{59FF98E7-FE84-4323-B8E9-0E0607C4C2C8} = {98BC81FC-D7B3-4F6A-8CF7-D4AFAFBB7965}
		{ED7AE6A2-2629-4156-A2B5-0D0623231CB9} = {DA5DE924-0BB9-F642-6340-332DDA637FE7}
		{BA033661-D1EE-4E25-98BA-34023449E15B} = {1C4CA5C1-79E1-410C-9ADF-D7802D8E2E75}
	EndGlobalSection
EndGlobal
